// !$*UTF8*$!
{
	archiveVersion = 1;
	classes = {
	};
	objectVersion = 55;
	objects = {

/* Begin PBXBuildFile section */
		060DDF16291142F800D9A884 /* purpleHearthView.swift in Sources */ = {isa = PBXBuildFile; fileRef = 060DDF15291142F800D9A884 /* purpleHearthView.swift */; };
		06459BB328B01A060054F510 /* AppDelegate.swift in Sources */ = {isa = PBXBuildFile; fileRef = 06459BB228B01A060054F510 /* AppDelegate.swift */; };
		06459BB528B01A060054F510 /* SceneDelegate.swift in Sources */ = {isa = PBXBuildFile; fileRef = 06459BB428B01A060054F510 /* SceneDelegate.swift */; };
		06459BB728B01A060054F510 /* HomeViewController.swift in Sources */ = {isa = PBXBuildFile; fileRef = 06459BB628B01A060054F510 /* HomeViewController.swift */; };
		06459BBA28B01A060054F510 /* Main.storyboard in Resources */ = {isa = PBXBuildFile; fileRef = 06459BB828B01A060054F510 /* Main.storyboard */; };
		06459BBD28B01A060054F510 /* GoReceitas.xcdatamodeld in Sources */ = {isa = PBXBuildFile; fileRef = 06459BBB28B01A060054F510 /* GoReceitas.xcdatamodeld */; };
		06459BBF28B01A080054F510 /* Assets.xcassets in Resources */ = {isa = PBXBuildFile; fileRef = 06459BBE28B01A080054F510 /* Assets.xcassets */; };
		06459BC228B01A080054F510 /* LaunchScreen.storyboard in Resources */ = {isa = PBXBuildFile; fileRef = 06459BC028B01A080054F510 /* LaunchScreen.storyboard */; };
		06AC22CA2910A6E3008E4D0B /* FoodDetailsViewController.swift in Sources */ = {isa = PBXBuildFile; fileRef = 06AC22C92910A6E3008E4D0B /* FoodDetailsViewController.swift */; };
		06AC22CC2910A6F4008E4D0B /* FoodDetailsView.swift in Sources */ = {isa = PBXBuildFile; fileRef = 06AC22CB2910A6F4008E4D0B /* FoodDetailsView.swift */; };
		06AC22D32910AEA7008E4D0B /* FadedViewWithLabel.swift in Sources */ = {isa = PBXBuildFile; fileRef = 06AC22D22910AEA7008E4D0B /* FadedViewWithLabel.swift */; };
		06DB88FA291170D0004489BC /* TimeView.swift in Sources */ = {isa = PBXBuildFile; fileRef = 06DB88F9291170D0004489BC /* TimeView.swift */; };
		06DB88FC29117724004489BC /* purpleFadedContainer.swift in Sources */ = {isa = PBXBuildFile; fileRef = 06DB88FB29117724004489BC /* purpleFadedContainer.swift */; };
		06DB88FE29119217004489BC /* PurpleInsideView.swift in Sources */ = {isa = PBXBuildFile; fileRef = 06DB88FD29119217004489BC /* PurpleInsideView.swift */; };
		1F5585482902CB6100580185 /* FavoriteCollectionViewCell.swift in Sources */ = {isa = PBXBuildFile; fileRef = 1F5585462902CB6100580185 /* FavoriteCollectionViewCell.swift */; };
		1F5585492902CB6100580185 /* FavoriteCollectionViewCell.xib in Resources */ = {isa = PBXBuildFile; fileRef = 1F5585472902CB6100580185 /* FavoriteCollectionViewCell.xib */; };
		1F55854B2902E7A100580185 /* FavoriteEmptyVC.swift in Sources */ = {isa = PBXBuildFile; fileRef = 1F55854A2902E7A100580185 /* FavoriteEmptyVC.swift */; };
		1F55854D2902E7FD00580185 /* FavoriteEmptyVC.storyboard in Resources */ = {isa = PBXBuildFile; fileRef = 1F55854C2902E7FD00580185 /* FavoriteEmptyVC.storyboard */; };
		1FAA32B528EDFED300AB6B9C /* FavoriteVC.swift in Sources */ = {isa = PBXBuildFile; fileRef = 1FAA32B428EDFED300AB6B9C /* FavoriteVC.swift */; };
		1FAA32B728EDFEF600AB6B9C /* FavoriteVC.storyboard in Resources */ = {isa = PBXBuildFile; fileRef = 1FAA32B628EDFEF600AB6B9C /* FavoriteVC.storyboard */; };
		5CC71FA428FE242B00FF75ED /* Profile.storyboard in Resources */ = {isa = PBXBuildFile; fileRef = 5CC71FA328FE242B00FF75ED /* Profile.storyboard */; };
		5CC71FA628FE25D100FF75ED /* ChangePasswordViewController.swift in Sources */ = {isa = PBXBuildFile; fileRef = 5CC71FA528FE25D100FF75ED /* ChangePasswordViewController.swift */; };
		5CC71FA828FE25DD00FF75ED /* ChangeEmailViewController.swift in Sources */ = {isa = PBXBuildFile; fileRef = 5CC71FA728FE25DD00FF75ED /* ChangeEmailViewController.swift */; };
		5CC71FAA28FE26F200FF75ED /* ProfileViewController.swift in Sources */ = {isa = PBXBuildFile; fileRef = 5CC71FA928FE26F200FF75ED /* ProfileViewController.swift */; };
		82025B9D28EB8F890090376F /* SearchViewController.swift in Sources */ = {isa = PBXBuildFile; fileRef = 82025B9C28EB8F890090376F /* SearchViewController.swift */; };
		82064C36290344A8005DA1FF /* Home.storyboard in Resources */ = {isa = PBXBuildFile; fileRef = 82064C35290344A8005DA1FF /* Home.storyboard */; };
		82064C3829034647005DA1FF /* Search.storyboard in Resources */ = {isa = PBXBuildFile; fileRef = 82064C3729034647005DA1FF /* Search.storyboard */; };
		820FC37E29354BB200247C6F /* NewHomeViewController.swift in Sources */ = {isa = PBXBuildFile; fileRef = 820FC37D29354BB200247C6F /* NewHomeViewController.swift */; };
		820FC383293550CE00247C6F /* CategoryTagsTableViewCell.swift in Sources */ = {isa = PBXBuildFile; fileRef = 820FC381293550CE00247C6F /* CategoryTagsTableViewCell.swift */; };
		820FC384293550CE00247C6F /* CategoryTagsTableViewCell.xib in Resources */ = {isa = PBXBuildFile; fileRef = 820FC382293550CE00247C6F /* CategoryTagsTableViewCell.xib */; };
		820FC3882935525D00247C6F /* CategoryTagsCollectionViewCell.swift in Sources */ = {isa = PBXBuildFile; fileRef = 820FC3862935525D00247C6F /* CategoryTagsCollectionViewCell.swift */; };
		820FC3892935525D00247C6F /* CategoryTagsCollectionViewCell.xib in Resources */ = {isa = PBXBuildFile; fileRef = 820FC3872935525D00247C6F /* CategoryTagsCollectionViewCell.xib */; };
		820FC38F293555FD00247C6F /* TryItOutTableViewCell.swift in Sources */ = {isa = PBXBuildFile; fileRef = 820FC38D293555FD00247C6F /* TryItOutTableViewCell.swift */; };
		820FC390293555FD00247C6F /* TryItOutTableViewCell.xib in Resources */ = {isa = PBXBuildFile; fileRef = 820FC38E293555FD00247C6F /* TryItOutTableViewCell.xib */; };
		820FC3942935575400247C6F /* DefaultFoodCollectionViewCell.swift in Sources */ = {isa = PBXBuildFile; fileRef = 820FC3922935575400247C6F /* DefaultFoodCollectionViewCell.swift */; };
		820FC3952935575400247C6F /* DefaultFoodCollectionViewCell.xib in Resources */ = {isa = PBXBuildFile; fileRef = 820FC3932935575400247C6F /* DefaultFoodCollectionViewCell.xib */; };
		820FC39929355E0600247C6F /* PopularFoodsTableViewCell.swift in Sources */ = {isa = PBXBuildFile; fileRef = 820FC39729355E0600247C6F /* PopularFoodsTableViewCell.swift */; };
		820FC39A29355E0600247C6F /* PopularFoodsTableViewCell.xib in Resources */ = {isa = PBXBuildFile; fileRef = 820FC39829355E0600247C6F /* PopularFoodsTableViewCell.xib */; };
		821BCA4129117A5400D9BDB3 /* NoFavoritesCollectionViewCell.swift in Sources */ = {isa = PBXBuildFile; fileRef = 821BCA3F29117A5400D9BDB3 /* NoFavoritesCollectionViewCell.swift */; };
		821BCA4229117A5400D9BDB3 /* NoFavoritesCollectionViewCell.xib in Resources */ = {isa = PBXBuildFile; fileRef = 821BCA4029117A5400D9BDB3 /* NoFavoritesCollectionViewCell.xib */; };
		821BCA442911859100D9BDB3 /* LoginRegisterDescriptions.swift in Sources */ = {isa = PBXBuildFile; fileRef = 821BCA432911859100D9BDB3 /* LoginRegisterDescriptions.swift */; };
		821BCA46291185BF00D9BDB3 /* RegisterDescriptions.swift in Sources */ = {isa = PBXBuildFile; fileRef = 821BCA45291185BF00D9BDB3 /* RegisterDescriptions.swift */; };
		8259F92D28DAB14900476299 /* Sections.swift in Sources */ = {isa = PBXBuildFile; fileRef = 8259F92C28DAB14900476299 /* Sections.swift */; };
		8259F93328DAB81C00476299 /* AllTagsViewController.swift in Sources */ = {isa = PBXBuildFile; fileRef = 8259F93228DAB81C00476299 /* AllTagsViewController.swift */; };
		8279DC492904B71C00E526A8 /* Colors+.swift in Sources */ = {isa = PBXBuildFile; fileRef = 8279DC482904B71C00E526A8 /* Colors+.swift */; };
		827E2AA92936925D009F3C43 /* CategoryTagsTableViewCellDelegate.swift in Sources */ = {isa = PBXBuildFile; fileRef = 827E2AA82936925D009F3C43 /* CategoryTagsTableViewCellDelegate.swift */; };
		827E2AAC29369279009F3C43 /* DefaultCellsDelegate.swift in Sources */ = {isa = PBXBuildFile; fileRef = 827E2AAB29369279009F3C43 /* DefaultCellsDelegate.swift */; };
		82A403F928DA9DF400F38990 /* AllTagsModel.swift in Sources */ = {isa = PBXBuildFile; fileRef = 82A403F828DA9DF400F38990 /* AllTagsModel.swift */; };
		82A403FD28DA9EB800F38990 /* AllTagsViewCell.swift in Sources */ = {isa = PBXBuildFile; fileRef = 82A403FC28DA9EB800F38990 /* AllTagsViewCell.swift */; };
		82A4040228DAA4F700F38990 /* TagsResultsTableViewCell.swift in Sources */ = {isa = PBXBuildFile; fileRef = 82A4040128DAA4F700F38990 /* TagsResultsTableViewCell.swift */; };
		82A4040428DAA57800F38990 /* TagsResultsViewController.swift in Sources */ = {isa = PBXBuildFile; fileRef = 82A4040328DAA57800F38990 /* TagsResultsViewController.swift */; };
		82C05CE82911DB3B00960D03 /* ForgetPasswordsDescriptions.swift in Sources */ = {isa = PBXBuildFile; fileRef = 82C05CE72911DB3B00960D03 /* ForgetPasswordsDescriptions.swift */; };
		82C9BE4028DA883000D890EF /* CategoryModel.swift in Sources */ = {isa = PBXBuildFile; fileRef = 82C9BE3E28DA883000D890EF /* CategoryModel.swift */; };
		82C9BE4128DA883000D890EF /* CellsInfoSections.swift in Sources */ = {isa = PBXBuildFile; fileRef = 82C9BE3F28DA883000D890EF /* CellsInfoSections.swift */; };
		82C9BE4528DA88ED00D890EF /* MockData.swift in Sources */ = {isa = PBXBuildFile; fileRef = 82C9BE4428DA88EC00D890EF /* MockData.swift */; };
		82C9BE4828DA89BE00D890EF /* FooterViewCell.swift in Sources */ = {isa = PBXBuildFile; fileRef = 82C9BE4728DA89BE00D890EF /* FooterViewCell.swift */; };
		82C9BE4A28DA89D100D890EF /* CategoryViewCell.swift in Sources */ = {isa = PBXBuildFile; fileRef = 82C9BE4928DA89D100D890EF /* CategoryViewCell.swift */; };
		82C9BE4C28DA89DE00D890EF /* TryItOutCell.swift in Sources */ = {isa = PBXBuildFile; fileRef = 82C9BE4B28DA89DE00D890EF /* TryItOutCell.swift */; };
		82C9BE4E28DA8A0500D890EF /* HeaderViewCell.swift in Sources */ = {isa = PBXBuildFile; fileRef = 82C9BE4D28DA8A0500D890EF /* HeaderViewCell.swift */; };
		82C9BE5028DA8A3C00D890EF /* PopularViewCell.swift in Sources */ = {isa = PBXBuildFile; fileRef = 82C9BE4F28DA8A3C00D890EF /* PopularViewCell.swift */; };
		82CC509F29098FB70032FC25 /* ResultsTableViewCell.swift in Sources */ = {isa = PBXBuildFile; fileRef = 82CC509D29098FB70032FC25 /* ResultsTableViewCell.swift */; };
		82CC50A029098FB70032FC25 /* ResultsTableViewCell.xib in Resources */ = {isa = PBXBuildFile; fileRef = 82CC509E29098FB70032FC25 /* ResultsTableViewCell.xib */; };
		82FD41D42925144D00C49B37 /* FoodCollectionViewCell.swift in Sources */ = {isa = PBXBuildFile; fileRef = 82FD41D32925144D00C49B37 /* FoodCollectionViewCell.swift */; };
		82FD41DA2925365B00C49B37 /* DescriptionTableViewCell.swift in Sources */ = {isa = PBXBuildFile; fileRef = 82FD41D92925365B00C49B37 /* DescriptionTableViewCell.swift */; };
		82FD41DC29253AD100C49B37 /* RecommendedFoodsTableViewCell.swift in Sources */ = {isa = PBXBuildFile; fileRef = 82FD41DB29253AD100C49B37 /* RecommendedFoodsTableViewCell.swift */; };
		82FD41DE292542E800C49B37 /* DetailsTableViewCell.swift in Sources */ = {isa = PBXBuildFile; fileRef = 82FD41DD292542E800C49B37 /* DetailsTableViewCell.swift */; };
		CAAA6035E2A6C9BF0929A7F9 /* Pods_GoReceitas.framework in Frameworks */ = {isa = PBXBuildFile; fileRef = D5763844C7CD7EA22F06D90F /* Pods_GoReceitas.framework */; };
		EB08928B29007B8500FF33E8 /* GoogleService-Info.plist in Resources */ = {isa = PBXBuildFile; fileRef = EB08928A29007B8500FF33E8 /* GoogleService-Info.plist */; };
		EB0892BB2902F18900FF33E8 /* AlertController.swift in Sources */ = {isa = PBXBuildFile; fileRef = EB0892BA2902F18800FF33E8 /* AlertController.swift */; };
		EB43688C28FE15370023A2F9 /* RegisterVC.swift in Sources */ = {isa = PBXBuildFile; fileRef = EB43688B28FE15370023A2F9 /* RegisterVC.swift */; };
		EB43688E28FE15460023A2F9 /* RegisterVC.storyboard in Resources */ = {isa = PBXBuildFile; fileRef = EB43688D28FE15460023A2F9 /* RegisterVC.storyboard */; };
		EB43689228FE1C9E0023A2F9 /* LoginVC.swift in Sources */ = {isa = PBXBuildFile; fileRef = EB43689128FE1C9E0023A2F9 /* LoginVC.swift */; };
		EB43689428FE1CAE0023A2F9 /* LoginVC.storyboard in Resources */ = {isa = PBXBuildFile; fileRef = EB43689328FE1CAE0023A2F9 /* LoginVC.storyboard */; };
		EB43689728FE28D60023A2F9 /* EsqueceuSenhaVC.swift in Sources */ = {isa = PBXBuildFile; fileRef = EB43689628FE28D60023A2F9 /* EsqueceuSenhaVC.swift */; };
		EB43689928FE28F00023A2F9 /* EsqueceuSenhaVC.storyboard in Resources */ = {isa = PBXBuildFile; fileRef = EB43689828FE28F00023A2F9 /* EsqueceuSenhaVC.storyboard */; };
		EBCBA2652910873B0073AE60 /* MainTabBarController.swift in Sources */ = {isa = PBXBuildFile; fileRef = EBCBA2642910873B0073AE60 /* MainTabBarController.swift */; };
/* End PBXBuildFile section */

/* Begin PBXFileReference section */
		060DDF15291142F800D9A884 /* purpleHearthView.swift */ = {isa = PBXFileReference; lastKnownFileType = sourcecode.swift; path = purpleHearthView.swift; sourceTree = "<group>"; };
		06459BAF28B01A060054F510 /* GoReceitas.app */ = {isa = PBXFileReference; explicitFileType = wrapper.application; includeInIndex = 0; path = GoReceitas.app; sourceTree = BUILT_PRODUCTS_DIR; };
		06459BB228B01A060054F510 /* AppDelegate.swift */ = {isa = PBXFileReference; lastKnownFileType = sourcecode.swift; path = AppDelegate.swift; sourceTree = "<group>"; };
		06459BB428B01A060054F510 /* SceneDelegate.swift */ = {isa = PBXFileReference; lastKnownFileType = sourcecode.swift; path = SceneDelegate.swift; sourceTree = "<group>"; };
		06459BB628B01A060054F510 /* HomeViewController.swift */ = {isa = PBXFileReference; lastKnownFileType = sourcecode.swift; path = HomeViewController.swift; sourceTree = "<group>"; };
		06459BB928B01A060054F510 /* Base */ = {isa = PBXFileReference; lastKnownFileType = file.storyboard; name = Base; path = Base.lproj/Main.storyboard; sourceTree = "<group>"; };
		06459BBC28B01A060054F510 /* GoReceitas.xcdatamodel */ = {isa = PBXFileReference; lastKnownFileType = wrapper.xcdatamodel; path = GoReceitas.xcdatamodel; sourceTree = "<group>"; };
		06459BBE28B01A080054F510 /* Assets.xcassets */ = {isa = PBXFileReference; lastKnownFileType = folder.assetcatalog; path = Assets.xcassets; sourceTree = "<group>"; };
		06459BC128B01A080054F510 /* Base */ = {isa = PBXFileReference; lastKnownFileType = file.storyboard; name = Base; path = Base.lproj/LaunchScreen.storyboard; sourceTree = "<group>"; };
		06459BC328B01A080054F510 /* Info.plist */ = {isa = PBXFileReference; lastKnownFileType = text.plist.xml; path = Info.plist; sourceTree = "<group>"; };
		06AC22C92910A6E3008E4D0B /* FoodDetailsViewController.swift */ = {isa = PBXFileReference; lastKnownFileType = sourcecode.swift; path = FoodDetailsViewController.swift; sourceTree = "<group>"; };
		06AC22CB2910A6F4008E4D0B /* FoodDetailsView.swift */ = {isa = PBXFileReference; lastKnownFileType = sourcecode.swift; path = FoodDetailsView.swift; sourceTree = "<group>"; };
		06AC22D22910AEA7008E4D0B /* FadedViewWithLabel.swift */ = {isa = PBXFileReference; lastKnownFileType = sourcecode.swift; path = FadedViewWithLabel.swift; sourceTree = "<group>"; };
		06DB88F9291170D0004489BC /* TimeView.swift */ = {isa = PBXFileReference; lastKnownFileType = sourcecode.swift; path = TimeView.swift; sourceTree = "<group>"; };
		06DB88FB29117724004489BC /* purpleFadedContainer.swift */ = {isa = PBXFileReference; lastKnownFileType = sourcecode.swift; path = purpleFadedContainer.swift; sourceTree = "<group>"; };
		06DB88FD29119217004489BC /* PurpleInsideView.swift */ = {isa = PBXFileReference; lastKnownFileType = sourcecode.swift; path = PurpleInsideView.swift; sourceTree = "<group>"; };
		1F5585462902CB6100580185 /* FavoriteCollectionViewCell.swift */ = {isa = PBXFileReference; lastKnownFileType = sourcecode.swift; path = FavoriteCollectionViewCell.swift; sourceTree = "<group>"; };
		1F5585472902CB6100580185 /* FavoriteCollectionViewCell.xib */ = {isa = PBXFileReference; lastKnownFileType = file.xib; path = FavoriteCollectionViewCell.xib; sourceTree = "<group>"; };
		1F55854A2902E7A100580185 /* FavoriteEmptyVC.swift */ = {isa = PBXFileReference; lastKnownFileType = sourcecode.swift; path = FavoriteEmptyVC.swift; sourceTree = "<group>"; };
		1F55854C2902E7FD00580185 /* FavoriteEmptyVC.storyboard */ = {isa = PBXFileReference; lastKnownFileType = file.storyboard; path = FavoriteEmptyVC.storyboard; sourceTree = "<group>"; };
		1FAA32B428EDFED300AB6B9C /* FavoriteVC.swift */ = {isa = PBXFileReference; lastKnownFileType = sourcecode.swift; path = FavoriteVC.swift; sourceTree = "<group>"; };
		1FAA32B628EDFEF600AB6B9C /* FavoriteVC.storyboard */ = {isa = PBXFileReference; lastKnownFileType = file.storyboard; path = FavoriteVC.storyboard; sourceTree = "<group>"; };
		25C79753A29B91777DE37111 /* Pods-GoReceitas.release.xcconfig */ = {isa = PBXFileReference; includeInIndex = 1; lastKnownFileType = text.xcconfig; name = "Pods-GoReceitas.release.xcconfig"; path = "Target Support Files/Pods-GoReceitas/Pods-GoReceitas.release.xcconfig"; sourceTree = "<group>"; };
		34A460574BD0613D7D623752 /* Pods-GoReceitas.debug.xcconfig */ = {isa = PBXFileReference; includeInIndex = 1; lastKnownFileType = text.xcconfig; name = "Pods-GoReceitas.debug.xcconfig"; path = "Target Support Files/Pods-GoReceitas/Pods-GoReceitas.debug.xcconfig"; sourceTree = "<group>"; };
		5CC71FA328FE242B00FF75ED /* Profile.storyboard */ = {isa = PBXFileReference; lastKnownFileType = file.storyboard; path = Profile.storyboard; sourceTree = "<group>"; };
		5CC71FA528FE25D100FF75ED /* ChangePasswordViewController.swift */ = {isa = PBXFileReference; fileEncoding = 4; lastKnownFileType = sourcecode.swift; path = ChangePasswordViewController.swift; sourceTree = "<group>"; };
		5CC71FA728FE25DD00FF75ED /* ChangeEmailViewController.swift */ = {isa = PBXFileReference; fileEncoding = 4; lastKnownFileType = sourcecode.swift; path = ChangeEmailViewController.swift; sourceTree = "<group>"; };
		5CC71FA928FE26F200FF75ED /* ProfileViewController.swift */ = {isa = PBXFileReference; fileEncoding = 4; lastKnownFileType = sourcecode.swift; path = ProfileViewController.swift; sourceTree = "<group>"; };
		82025B9C28EB8F890090376F /* SearchViewController.swift */ = {isa = PBXFileReference; lastKnownFileType = sourcecode.swift; path = SearchViewController.swift; sourceTree = "<group>"; };
		82064C35290344A8005DA1FF /* Home.storyboard */ = {isa = PBXFileReference; lastKnownFileType = file.storyboard; path = Home.storyboard; sourceTree = "<group>"; };
		82064C3729034647005DA1FF /* Search.storyboard */ = {isa = PBXFileReference; lastKnownFileType = file.storyboard; path = Search.storyboard; sourceTree = "<group>"; };
		820FC37D29354BB200247C6F /* NewHomeViewController.swift */ = {isa = PBXFileReference; lastKnownFileType = sourcecode.swift; path = NewHomeViewController.swift; sourceTree = "<group>"; };
		820FC381293550CE00247C6F /* CategoryTagsTableViewCell.swift */ = {isa = PBXFileReference; lastKnownFileType = sourcecode.swift; path = CategoryTagsTableViewCell.swift; sourceTree = "<group>"; };
		820FC382293550CE00247C6F /* CategoryTagsTableViewCell.xib */ = {isa = PBXFileReference; lastKnownFileType = file.xib; path = CategoryTagsTableViewCell.xib; sourceTree = "<group>"; };
		820FC3862935525D00247C6F /* CategoryTagsCollectionViewCell.swift */ = {isa = PBXFileReference; lastKnownFileType = sourcecode.swift; path = CategoryTagsCollectionViewCell.swift; sourceTree = "<group>"; };
		820FC3872935525D00247C6F /* CategoryTagsCollectionViewCell.xib */ = {isa = PBXFileReference; lastKnownFileType = file.xib; path = CategoryTagsCollectionViewCell.xib; sourceTree = "<group>"; };
		820FC38D293555FD00247C6F /* TryItOutTableViewCell.swift */ = {isa = PBXFileReference; lastKnownFileType = sourcecode.swift; path = TryItOutTableViewCell.swift; sourceTree = "<group>"; };
		820FC38E293555FD00247C6F /* TryItOutTableViewCell.xib */ = {isa = PBXFileReference; lastKnownFileType = file.xib; path = TryItOutTableViewCell.xib; sourceTree = "<group>"; };
		820FC3922935575400247C6F /* DefaultFoodCollectionViewCell.swift */ = {isa = PBXFileReference; lastKnownFileType = sourcecode.swift; path = DefaultFoodCollectionViewCell.swift; sourceTree = "<group>"; };
		820FC3932935575400247C6F /* DefaultFoodCollectionViewCell.xib */ = {isa = PBXFileReference; lastKnownFileType = file.xib; path = DefaultFoodCollectionViewCell.xib; sourceTree = "<group>"; };
		820FC39729355E0600247C6F /* PopularFoodsTableViewCell.swift */ = {isa = PBXFileReference; lastKnownFileType = sourcecode.swift; path = PopularFoodsTableViewCell.swift; sourceTree = "<group>"; };
		820FC39829355E0600247C6F /* PopularFoodsTableViewCell.xib */ = {isa = PBXFileReference; lastKnownFileType = file.xib; path = PopularFoodsTableViewCell.xib; sourceTree = "<group>"; };
		821BCA3F29117A5400D9BDB3 /* NoFavoritesCollectionViewCell.swift */ = {isa = PBXFileReference; lastKnownFileType = sourcecode.swift; path = NoFavoritesCollectionViewCell.swift; sourceTree = "<group>"; };
		821BCA4029117A5400D9BDB3 /* NoFavoritesCollectionViewCell.xib */ = {isa = PBXFileReference; lastKnownFileType = file.xib; path = NoFavoritesCollectionViewCell.xib; sourceTree = "<group>"; };
		821BCA432911859100D9BDB3 /* LoginRegisterDescriptions.swift */ = {isa = PBXFileReference; lastKnownFileType = sourcecode.swift; path = LoginRegisterDescriptions.swift; sourceTree = "<group>"; };
		821BCA45291185BF00D9BDB3 /* RegisterDescriptions.swift */ = {isa = PBXFileReference; lastKnownFileType = sourcecode.swift; path = RegisterDescriptions.swift; sourceTree = "<group>"; };
		8259F92C28DAB14900476299 /* Sections.swift */ = {isa = PBXFileReference; lastKnownFileType = sourcecode.swift; path = Sections.swift; sourceTree = "<group>"; };
		8259F93228DAB81C00476299 /* AllTagsViewController.swift */ = {isa = PBXFileReference; lastKnownFileType = sourcecode.swift; path = AllTagsViewController.swift; sourceTree = "<group>"; };
		8279DC482904B71C00E526A8 /* Colors+.swift */ = {isa = PBXFileReference; lastKnownFileType = sourcecode.swift; path = "Colors+.swift"; sourceTree = "<group>"; };
		827E2AA82936925D009F3C43 /* CategoryTagsTableViewCellDelegate.swift */ = {isa = PBXFileReference; lastKnownFileType = sourcecode.swift; path = CategoryTagsTableViewCellDelegate.swift; sourceTree = "<group>"; };
		827E2AAB29369279009F3C43 /* DefaultCellsDelegate.swift */ = {isa = PBXFileReference; lastKnownFileType = sourcecode.swift; path = DefaultCellsDelegate.swift; sourceTree = "<group>"; };
		82A403F828DA9DF400F38990 /* AllTagsModel.swift */ = {isa = PBXFileReference; lastKnownFileType = sourcecode.swift; path = AllTagsModel.swift; sourceTree = "<group>"; };
		82A403FC28DA9EB800F38990 /* AllTagsViewCell.swift */ = {isa = PBXFileReference; lastKnownFileType = sourcecode.swift; path = AllTagsViewCell.swift; sourceTree = "<group>"; };
		82A4040128DAA4F700F38990 /* TagsResultsTableViewCell.swift */ = {isa = PBXFileReference; lastKnownFileType = sourcecode.swift; path = TagsResultsTableViewCell.swift; sourceTree = "<group>"; };
		82A4040328DAA57800F38990 /* TagsResultsViewController.swift */ = {isa = PBXFileReference; lastKnownFileType = sourcecode.swift; path = TagsResultsViewController.swift; sourceTree = "<group>"; };
		82C05CE72911DB3B00960D03 /* ForgetPasswordsDescriptions.swift */ = {isa = PBXFileReference; lastKnownFileType = sourcecode.swift; path = ForgetPasswordsDescriptions.swift; sourceTree = "<group>"; };
		82C9BE3E28DA883000D890EF /* CategoryModel.swift */ = {isa = PBXFileReference; fileEncoding = 4; lastKnownFileType = sourcecode.swift; path = CategoryModel.swift; sourceTree = "<group>"; };
		82C9BE3F28DA883000D890EF /* CellsInfoSections.swift */ = {isa = PBXFileReference; fileEncoding = 4; lastKnownFileType = sourcecode.swift; path = CellsInfoSections.swift; sourceTree = "<group>"; };
		82C9BE4428DA88EC00D890EF /* MockData.swift */ = {isa = PBXFileReference; lastKnownFileType = sourcecode.swift; path = MockData.swift; sourceTree = "<group>"; };
		82C9BE4728DA89BE00D890EF /* FooterViewCell.swift */ = {isa = PBXFileReference; lastKnownFileType = sourcecode.swift; path = FooterViewCell.swift; sourceTree = "<group>"; };
		82C9BE4928DA89D100D890EF /* CategoryViewCell.swift */ = {isa = PBXFileReference; lastKnownFileType = sourcecode.swift; path = CategoryViewCell.swift; sourceTree = "<group>"; };
		82C9BE4B28DA89DE00D890EF /* TryItOutCell.swift */ = {isa = PBXFileReference; lastKnownFileType = sourcecode.swift; path = TryItOutCell.swift; sourceTree = "<group>"; };
		82C9BE4D28DA8A0500D890EF /* HeaderViewCell.swift */ = {isa = PBXFileReference; lastKnownFileType = sourcecode.swift; path = HeaderViewCell.swift; sourceTree = "<group>"; };
		82C9BE4F28DA8A3C00D890EF /* PopularViewCell.swift */ = {isa = PBXFileReference; lastKnownFileType = sourcecode.swift; path = PopularViewCell.swift; sourceTree = "<group>"; };
		82CC509D29098FB70032FC25 /* ResultsTableViewCell.swift */ = {isa = PBXFileReference; lastKnownFileType = sourcecode.swift; path = ResultsTableViewCell.swift; sourceTree = "<group>"; };
		82CC509E29098FB70032FC25 /* ResultsTableViewCell.xib */ = {isa = PBXFileReference; lastKnownFileType = file.xib; path = ResultsTableViewCell.xib; sourceTree = "<group>"; };
		82FD41D32925144D00C49B37 /* FoodCollectionViewCell.swift */ = {isa = PBXFileReference; lastKnownFileType = sourcecode.swift; path = FoodCollectionViewCell.swift; sourceTree = "<group>"; };
		82FD41D92925365B00C49B37 /* DescriptionTableViewCell.swift */ = {isa = PBXFileReference; lastKnownFileType = sourcecode.swift; path = DescriptionTableViewCell.swift; sourceTree = "<group>"; };
		82FD41DB29253AD100C49B37 /* RecommendedFoodsTableViewCell.swift */ = {isa = PBXFileReference; lastKnownFileType = sourcecode.swift; path = RecommendedFoodsTableViewCell.swift; sourceTree = "<group>"; };
		82FD41DD292542E800C49B37 /* DetailsTableViewCell.swift */ = {isa = PBXFileReference; lastKnownFileType = sourcecode.swift; path = DetailsTableViewCell.swift; sourceTree = "<group>"; };
		D5763844C7CD7EA22F06D90F /* Pods_GoReceitas.framework */ = {isa = PBXFileReference; explicitFileType = wrapper.framework; includeInIndex = 0; path = Pods_GoReceitas.framework; sourceTree = BUILT_PRODUCTS_DIR; };
		EB08928A29007B8500FF33E8 /* GoogleService-Info.plist */ = {isa = PBXFileReference; fileEncoding = 4; lastKnownFileType = text.plist.xml; path = "GoogleService-Info.plist"; sourceTree = "<group>"; };
		EB0892BA2902F18800FF33E8 /* AlertController.swift */ = {isa = PBXFileReference; lastKnownFileType = sourcecode.swift; path = AlertController.swift; sourceTree = "<group>"; };
		EB43688B28FE15370023A2F9 /* RegisterVC.swift */ = {isa = PBXFileReference; lastKnownFileType = sourcecode.swift; path = RegisterVC.swift; sourceTree = "<group>"; };
		EB43688D28FE15460023A2F9 /* RegisterVC.storyboard */ = {isa = PBXFileReference; lastKnownFileType = file.storyboard; path = RegisterVC.storyboard; sourceTree = "<group>"; };
		EB43689128FE1C9E0023A2F9 /* LoginVC.swift */ = {isa = PBXFileReference; lastKnownFileType = sourcecode.swift; path = LoginVC.swift; sourceTree = "<group>"; };
		EB43689328FE1CAE0023A2F9 /* LoginVC.storyboard */ = {isa = PBXFileReference; lastKnownFileType = file.storyboard; path = LoginVC.storyboard; sourceTree = "<group>"; };
		EB43689628FE28D60023A2F9 /* EsqueceuSenhaVC.swift */ = {isa = PBXFileReference; lastKnownFileType = sourcecode.swift; path = EsqueceuSenhaVC.swift; sourceTree = "<group>"; };
		EB43689828FE28F00023A2F9 /* EsqueceuSenhaVC.storyboard */ = {isa = PBXFileReference; lastKnownFileType = file.storyboard; path = EsqueceuSenhaVC.storyboard; sourceTree = "<group>"; };
		EBCBA2642910873B0073AE60 /* MainTabBarController.swift */ = {isa = PBXFileReference; lastKnownFileType = sourcecode.swift; path = MainTabBarController.swift; sourceTree = "<group>"; };
/* End PBXFileReference section */

/* Begin PBXFrameworksBuildPhase section */
		06459BAC28B01A060054F510 /* Frameworks */ = {
			isa = PBXFrameworksBuildPhase;
			buildActionMask = 2147483647;
			files = (
				CAAA6035E2A6C9BF0929A7F9 /* Pods_GoReceitas.framework in Frameworks */,
			);
			runOnlyForDeploymentPostprocessing = 0;
		};
/* End PBXFrameworksBuildPhase section */

/* Begin PBXGroup section */
		06459BA628B01A060054F510 = {
			isa = PBXGroup;
			children = (
				06459BB128B01A060054F510 /* GoReceitas */,
				06459BB028B01A060054F510 /* Products */,
				5388B7A800C400F83F5FF5DA /* Pods */,
				CC82B6A29706D3C272970106 /* Frameworks */,
			);
			sourceTree = "<group>";
		};
		06459BB028B01A060054F510 /* Products */ = {
			isa = PBXGroup;
			children = (
				06459BAF28B01A060054F510 /* GoReceitas.app */,
			);
			name = Products;
			sourceTree = "<group>";
		};
		06459BB128B01A060054F510 /* GoReceitas */ = {
			isa = PBXGroup;
			children = (
				EB0892B92902F16800FF33E8 /* AlertController */,
				82C9BE4628DA89B000D890EF /* CollectionViewCells */,
				8259F92B28DAB12400476299 /* Enums */,
				8279DC472904B71100E526A8 /* Extensions */,
				EB08928A29007B8500FF33E8 /* GoogleService-Info.plist */,
				06459BBB28B01A060054F510 /* GoReceitas.xcdatamodeld */,
				06459BC328B01A080054F510 /* Info.plist */,
				826281A128DA929F0065AA29 /* MockData */,
				06C01C8028B42167003ACE17 /* Model */,
				82A4040528DAA8A700F38990 /* Resources */,
				82A403FF28DAA4D500F38990 /* TableViewCells */,
				82A4040628DAA8CF00F38990 /* View */,
				06C01C7F28B4214C003ACE17 /* ViewController */,
			);
			path = GoReceitas;
			sourceTree = "<group>";
		};
		06AC22C82910A6D1008E4D0B /* FoodDetails */ = {
			isa = PBXGroup;
			children = (
				82FD41D8292533D100C49B37 /* TableViewCell */,
				82FD41D22925118100C49B37 /* CollectionViewCell */,
				06AC22CF2910ADE4008E4D0B /* Components */,
				06AC22C92910A6E3008E4D0B /* FoodDetailsViewController.swift */,
				06AC22CB2910A6F4008E4D0B /* FoodDetailsView.swift */,
			);
			path = FoodDetails;
			sourceTree = "<group>";
		};
		06AC22CF2910ADE4008E4D0B /* Components */ = {
			isa = PBXGroup;
			children = (
				06AC22D22910AEA7008E4D0B /* FadedViewWithLabel.swift */,
				060DDF15291142F800D9A884 /* purpleHearthView.swift */,
				06DB88F9291170D0004489BC /* TimeView.swift */,
				06DB88FB29117724004489BC /* purpleFadedContainer.swift */,
				06DB88FD29119217004489BC /* PurpleInsideView.swift */,
			);
			path = Components;
			sourceTree = "<group>";
		};
		06C01C7F28B4214C003ACE17 /* ViewController */ = {
			isa = PBXGroup;
			children = (
				06AC22C82910A6D1008E4D0B /* FoodDetails */,
				1FAA32B328EDF95800AB6B9C /* Favoritos */,
				EB43689528FE28B00023A2F9 /* Forget Password */,
				8247B9002909EC9000437F1E /* Home */,
				EB43689028FE1C820023A2F9 /* Login */,
				8247B8FF2909EC8B00437F1E /* Profile */,
				EB43688A28FE15060023A2F9 /* Register */,
				8247B9012909EC9400437F1E /* Search */,
			);
			path = ViewController;
			sourceTree = "<group>";
		};
		06C01C8028B42167003ACE17 /* Model */ = {
			isa = PBXGroup;
			children = (
				82C9BE3E28DA883000D890EF /* CategoryModel.swift */,
				82C9BE3F28DA883000D890EF /* CellsInfoSections.swift */,
				82A403F828DA9DF400F38990 /* AllTagsModel.swift */,
			);
			path = Model;
			sourceTree = "<group>";
		};
		1F5585452902CB3D00580185 /* Cell */ = {
			isa = PBXGroup;
			children = (
				821BCA3F29117A5400D9BDB3 /* NoFavoritesCollectionViewCell.swift */,
				821BCA4029117A5400D9BDB3 /* NoFavoritesCollectionViewCell.xib */,
				1F5585462902CB6100580185 /* FavoriteCollectionViewCell.swift */,
				1F5585472902CB6100580185 /* FavoriteCollectionViewCell.xib */,
			);
			path = Cell;
			sourceTree = "<group>";
		};
		1FAA32B328EDF95800AB6B9C /* Favoritos */ = {
			isa = PBXGroup;
			children = (
				1FAA32B428EDFED300AB6B9C /* FavoriteVC.swift */,
				1FAA32B628EDFEF600AB6B9C /* FavoriteVC.storyboard */,
				1F55854A2902E7A100580185 /* FavoriteEmptyVC.swift */,
				1F55854C2902E7FD00580185 /* FavoriteEmptyVC.storyboard */,
				1F5585452902CB3D00580185 /* Cell */,
			);
			path = Favoritos;
			sourceTree = "<group>";
		};
		5388B7A800C400F83F5FF5DA /* Pods */ = {
			isa = PBXGroup;
			children = (
				34A460574BD0613D7D623752 /* Pods-GoReceitas.debug.xcconfig */,
				25C79753A29B91777DE37111 /* Pods-GoReceitas.release.xcconfig */,
			);
			path = Pods;
			sourceTree = "<group>";
		};
		820FC37F293550AB00247C6F /* Refactor */ = {
			isa = PBXGroup;
			children = (
				820FC3852935524700247C6F /* CollectionViewCells */,
				820FC380293550B800247C6F /* TableViewCells */,
				820FC37D29354BB200247C6F /* NewHomeViewController.swift */,
			);
			path = Refactor;
			sourceTree = "<group>";
		};
		820FC380293550B800247C6F /* TableViewCells */ = {
			isa = PBXGroup;
			children = (
				820FC38B293553AA00247C6F /* Category */,
				820FC39629355DF400247C6F /* Popular */,
				820FC38C293555EA00247C6F /* TryItOut */,
			);
			path = TableViewCells;
			sourceTree = "<group>";
		};
		820FC3852935524700247C6F /* CollectionViewCells */ = {
			isa = PBXGroup;
			children = (
				820FC3912935573900247C6F /* Default */,
				820FC38A293553A700247C6F /* Category */,
			);
			path = CollectionViewCells;
			sourceTree = "<group>";
		};
		820FC38A293553A700247C6F /* Category */ = {
			isa = PBXGroup;
			children = (
				820FC3862935525D00247C6F /* CategoryTagsCollectionViewCell.swift */,
				820FC3872935525D00247C6F /* CategoryTagsCollectionViewCell.xib */,
			);
			path = Category;
			sourceTree = "<group>";
		};
		820FC38B293553AA00247C6F /* Category */ = {
			isa = PBXGroup;
			children = (
				820FC381293550CE00247C6F /* CategoryTagsTableViewCell.swift */,
				820FC382293550CE00247C6F /* CategoryTagsTableViewCell.xib */,
			);
			path = Category;
			sourceTree = "<group>";
		};
		820FC38C293555EA00247C6F /* TryItOut */ = {
			isa = PBXGroup;
			children = (
				820FC38D293555FD00247C6F /* TryItOutTableViewCell.swift */,
				820FC38E293555FD00247C6F /* TryItOutTableViewCell.xib */,
			);
			path = TryItOut;
			sourceTree = "<group>";
		};
		820FC3912935573900247C6F /* Default */ = {
			isa = PBXGroup;
			children = (
				820FC3922935575400247C6F /* DefaultFoodCollectionViewCell.swift */,
				820FC3932935575400247C6F /* DefaultFoodCollectionViewCell.xib */,
			);
			path = Default;
			sourceTree = "<group>";
		};
		820FC39629355DF400247C6F /* Popular */ = {
			isa = PBXGroup;
			children = (
				820FC39729355E0600247C6F /* PopularFoodsTableViewCell.swift */,
				820FC39829355E0600247C6F /* PopularFoodsTableViewCell.xib */,
			);
			path = Popular;
			sourceTree = "<group>";
		};
		8247B8FF2909EC8B00437F1E /* Profile */ = {
			isa = PBXGroup;
			children = (
				5CC71FA728FE25DD00FF75ED /* ChangeEmailViewController.swift */,
				5CC71FA528FE25D100FF75ED /* ChangePasswordViewController.swift */,
				5CC71FA328FE242B00FF75ED /* Profile.storyboard */,
				5CC71FA928FE26F200FF75ED /* ProfileViewController.swift */,
			);
			path = Profile;
			sourceTree = "<group>";
		};
		8247B9002909EC9000437F1E /* Home */ = {
			isa = PBXGroup;
			children = (
				827E2AA62936922C009F3C43 /* Protocols */,
				820FC37F293550AB00247C6F /* Refactor */,
				8259F93228DAB81C00476299 /* AllTagsViewController.swift */,
				82064C35290344A8005DA1FF /* Home.storyboard */,
				06459BB628B01A060054F510 /* HomeViewController.swift */,
				82A4040328DAA57800F38990 /* TagsResultsViewController.swift */,
			);
			path = Home;
			sourceTree = "<group>";
		};
		8247B9012909EC9400437F1E /* Search */ = {
			isa = PBXGroup;
			children = (
				82025B9C28EB8F890090376F /* SearchViewController.swift */,
				82064C3729034647005DA1FF /* Search.storyboard */,
			);
			path = Search;
			sourceTree = "<group>";
		};
		8259F92B28DAB12400476299 /* Enums */ = {
			isa = PBXGroup;
			children = (
				8259F92C28DAB14900476299 /* Sections.swift */,
				821BCA432911859100D9BDB3 /* LoginRegisterDescriptions.swift */,
				821BCA45291185BF00D9BDB3 /* RegisterDescriptions.swift */,
				82C05CE72911DB3B00960D03 /* ForgetPasswordsDescriptions.swift */,
			);
			path = Enums;
			sourceTree = "<group>";
		};
		826281A128DA929F0065AA29 /* MockData */ = {
			isa = PBXGroup;
			children = (
				82C9BE4428DA88EC00D890EF /* MockData.swift */,
			);
			path = MockData;
			sourceTree = "<group>";
		};
		8279DC472904B71100E526A8 /* Extensions */ = {
			isa = PBXGroup;
			children = (
				8279DC482904B71C00E526A8 /* Colors+.swift */,
			);
			path = Extensions;
			sourceTree = "<group>";
		};
		827E2AA62936922C009F3C43 /* Protocols */ = {
			isa = PBXGroup;
			children = (
				827E2AAA29369265009F3C43 /* DefaultCells */,
				827E2AA729369237009F3C43 /* Category */,
			);
			path = Protocols;
			sourceTree = "<group>";
		};
		827E2AA729369237009F3C43 /* Category */ = {
			isa = PBXGroup;
			children = (
				827E2AA82936925D009F3C43 /* CategoryTagsTableViewCellDelegate.swift */,
			);
			path = Category;
			sourceTree = "<group>";
		};
		827E2AAA29369265009F3C43 /* DefaultCells */ = {
			isa = PBXGroup;
			children = (
				827E2AAB29369279009F3C43 /* DefaultCellsDelegate.swift */,
			);
			path = DefaultCells;
			sourceTree = "<group>";
		};
		82A403FA28DA9E9500F38990 /* All Tags */ = {
			isa = PBXGroup;
			children = (
				82A403FC28DA9EB800F38990 /* AllTagsViewCell.swift */,
			);
			path = "All Tags";
			sourceTree = "<group>";
		};
		82A403FB28DA9E9800F38990 /* Home */ = {
			isa = PBXGroup;
			children = (
				82C9BE4928DA89D100D890EF /* CategoryViewCell.swift */,
				82C9BE4728DA89BE00D890EF /* FooterViewCell.swift */,
				82C9BE4D28DA8A0500D890EF /* HeaderViewCell.swift */,
				82C9BE4B28DA89DE00D890EF /* TryItOutCell.swift */,
				82C9BE4F28DA8A3C00D890EF /* PopularViewCell.swift */,
			);
			path = Home;
			sourceTree = "<group>";
		};
		82A403FF28DAA4D500F38990 /* TableViewCells */ = {
			isa = PBXGroup;
			children = (
				82A4040028DAA4DE00F38990 /* Tags Results */,
			);
			path = TableViewCells;
			sourceTree = "<group>";
		};
		82A4040028DAA4DE00F38990 /* Tags Results */ = {
			isa = PBXGroup;
			children = (
				82A4040128DAA4F700F38990 /* TagsResultsTableViewCell.swift */,
				82CC509D29098FB70032FC25 /* ResultsTableViewCell.swift */,
				82CC509E29098FB70032FC25 /* ResultsTableViewCell.xib */,
			);
			path = "Tags Results";
			sourceTree = "<group>";
		};
		82A4040528DAA8A700F38990 /* Resources */ = {
			isa = PBXGroup;
			children = (
				06459BC028B01A080054F510 /* LaunchScreen.storyboard */,
				06459BB228B01A060054F510 /* AppDelegate.swift */,
				06459BBE28B01A080054F510 /* Assets.xcassets */,
				06459BB428B01A060054F510 /* SceneDelegate.swift */,
			);
			path = Resources;
			sourceTree = "<group>";
		};
		82A4040628DAA8CF00F38990 /* View */ = {
			isa = PBXGroup;
			children = (
				06459BB828B01A060054F510 /* Main.storyboard */,
				EBCBA2642910873B0073AE60 /* MainTabBarController.swift */,
			);
			path = View;
			sourceTree = "<group>";
		};
		82C9BE4628DA89B000D890EF /* CollectionViewCells */ = {
			isa = PBXGroup;
			children = (
				82A403FB28DA9E9800F38990 /* Home */,
				82A403FA28DA9E9500F38990 /* All Tags */,
			);
			path = CollectionViewCells;
			sourceTree = "<group>";
		};
		82FD41D22925118100C49B37 /* CollectionViewCell */ = {
			isa = PBXGroup;
			children = (
				82FD41D32925144D00C49B37 /* FoodCollectionViewCell.swift */,
			);
			path = CollectionViewCell;
			sourceTree = "<group>";
		};
		82FD41D8292533D100C49B37 /* TableViewCell */ = {
			isa = PBXGroup;
			children = (
				82FD41D92925365B00C49B37 /* DescriptionTableViewCell.swift */,
				82FD41DB29253AD100C49B37 /* RecommendedFoodsTableViewCell.swift */,
				82FD41DD292542E800C49B37 /* DetailsTableViewCell.swift */,
			);
			path = TableViewCell;
			sourceTree = "<group>";
		};
		CC82B6A29706D3C272970106 /* Frameworks */ = {
			isa = PBXGroup;
			children = (
				D5763844C7CD7EA22F06D90F /* Pods_GoReceitas.framework */,
			);
			name = Frameworks;
			sourceTree = "<group>";
		};
		EB0892B92902F16800FF33E8 /* AlertController */ = {
			isa = PBXGroup;
			children = (
				EB0892BA2902F18800FF33E8 /* AlertController.swift */,
			);
			path = AlertController;
			sourceTree = "<group>";
		};
		EB43688A28FE15060023A2F9 /* Register */ = {
			isa = PBXGroup;
			children = (
				EB43688B28FE15370023A2F9 /* RegisterVC.swift */,
				EB43688D28FE15460023A2F9 /* RegisterVC.storyboard */,
			);
			path = Register;
			sourceTree = "<group>";
		};
		EB43689028FE1C820023A2F9 /* Login */ = {
			isa = PBXGroup;
			children = (
				EB43689128FE1C9E0023A2F9 /* LoginVC.swift */,
				EB43689328FE1CAE0023A2F9 /* LoginVC.storyboard */,
			);
			path = Login;
			sourceTree = "<group>";
		};
		EB43689528FE28B00023A2F9 /* Forget Password */ = {
			isa = PBXGroup;
			children = (
				EB43689628FE28D60023A2F9 /* EsqueceuSenhaVC.swift */,
				EB43689828FE28F00023A2F9 /* EsqueceuSenhaVC.storyboard */,
			);
			path = "Forget Password";
			sourceTree = "<group>";
		};
/* End PBXGroup section */

/* Begin PBXNativeTarget section */
		06459BAE28B01A060054F510 /* GoReceitas */ = {
			isa = PBXNativeTarget;
			buildConfigurationList = 06459BC628B01A080054F510 /* Build configuration list for PBXNativeTarget "GoReceitas" */;
			buildPhases = (
				4E24B25CC9015E7B9E0C7E1F /* [CP] Check Pods Manifest.lock */,
				06459BAB28B01A060054F510 /* Sources */,
				06459BAC28B01A060054F510 /* Frameworks */,
				06459BAD28B01A060054F510 /* Resources */,
				EDDFE5047A0462295FA7817A /* [CP] Embed Pods Frameworks */,
			);
			buildRules = (
			);
			dependencies = (
			);
			name = GoReceitas;
			productName = GoReceitas;
			productReference = 06459BAF28B01A060054F510 /* GoReceitas.app */;
			productType = "com.apple.product-type.application";
		};
/* End PBXNativeTarget section */

/* Begin PBXProject section */
		06459BA728B01A060054F510 /* Project object */ = {
			isa = PBXProject;
			attributes = {
				BuildIndependentTargetsInParallel = 1;
				LastSwiftUpdateCheck = 1340;
				LastUpgradeCheck = 1400;
				TargetAttributes = {
					06459BAE28B01A060054F510 = {
						CreatedOnToolsVersion = 13.4.1;
					};
				};
			};
			buildConfigurationList = 06459BAA28B01A060054F510 /* Build configuration list for PBXProject "GoReceitas" */;
			compatibilityVersion = "Xcode 13.0";
			developmentRegion = en;
			hasScannedForEncodings = 0;
			knownRegions = (
				en,
				Base,
			);
			mainGroup = 06459BA628B01A060054F510;
			productRefGroup = 06459BB028B01A060054F510 /* Products */;
			projectDirPath = "";
			projectRoot = "";
			targets = (
				06459BAE28B01A060054F510 /* GoReceitas */,
			);
		};
/* End PBXProject section */

/* Begin PBXResourcesBuildPhase section */
		06459BAD28B01A060054F510 /* Resources */ = {
			isa = PBXResourcesBuildPhase;
			buildActionMask = 2147483647;
			files = (
				EB43688E28FE15460023A2F9 /* RegisterVC.storyboard in Resources */,
				82064C36290344A8005DA1FF /* Home.storyboard in Resources */,
				82CC50A029098FB70032FC25 /* ResultsTableViewCell.xib in Resources */,
				820FC39A29355E0600247C6F /* PopularFoodsTableViewCell.xib in Resources */,
				EB08928B29007B8500FF33E8 /* GoogleService-Info.plist in Resources */,
				EB43689928FE28F00023A2F9 /* EsqueceuSenhaVC.storyboard in Resources */,
				5CC71FA428FE242B00FF75ED /* Profile.storyboard in Resources */,
				820FC3892935525D00247C6F /* CategoryTagsCollectionViewCell.xib in Resources */,
				06459BC228B01A080054F510 /* LaunchScreen.storyboard in Resources */,
				EB43689428FE1CAE0023A2F9 /* LoginVC.storyboard in Resources */,
				820FC3952935575400247C6F /* DefaultFoodCollectionViewCell.xib in Resources */,
				06459BBF28B01A080054F510 /* Assets.xcassets in Resources */,
				82064C3829034647005DA1FF /* Search.storyboard in Resources */,
				821BCA4229117A5400D9BDB3 /* NoFavoritesCollectionViewCell.xib in Resources */,
				1F55854D2902E7FD00580185 /* FavoriteEmptyVC.storyboard in Resources */,
				1FAA32B728EDFEF600AB6B9C /* FavoriteVC.storyboard in Resources */,
				1F5585492902CB6100580185 /* FavoriteCollectionViewCell.xib in Resources */,
				820FC384293550CE00247C6F /* CategoryTagsTableViewCell.xib in Resources */,
				06459BBA28B01A060054F510 /* Main.storyboard in Resources */,
				820FC390293555FD00247C6F /* TryItOutTableViewCell.xib in Resources */,
			);
			runOnlyForDeploymentPostprocessing = 0;
		};
/* End PBXResourcesBuildPhase section */

/* Begin PBXShellScriptBuildPhase section */
		4E24B25CC9015E7B9E0C7E1F /* [CP] Check Pods Manifest.lock */ = {
			isa = PBXShellScriptBuildPhase;
			buildActionMask = 2147483647;
			files = (
			);
			inputFileListPaths = (
			);
			inputPaths = (
				"${PODS_PODFILE_DIR_PATH}/Podfile.lock",
				"${PODS_ROOT}/Manifest.lock",
			);
			name = "[CP] Check Pods Manifest.lock";
			outputFileListPaths = (
			);
			outputPaths = (
				"$(DERIVED_FILE_DIR)/Pods-GoReceitas-checkManifestLockResult.txt",
			);
			runOnlyForDeploymentPostprocessing = 0;
			shellPath = /bin/sh;
			shellScript = "diff \"${PODS_PODFILE_DIR_PATH}/Podfile.lock\" \"${PODS_ROOT}/Manifest.lock\" > /dev/null\nif [ $? != 0 ] ; then\n    # print error to STDERR\n    echo \"error: The sandbox is not in sync with the Podfile.lock. Run 'pod install' or update your CocoaPods installation.\" >&2\n    exit 1\nfi\n# This output is used by Xcode 'outputs' to avoid re-running this script phase.\necho \"SUCCESS\" > \"${SCRIPT_OUTPUT_FILE_0}\"\n";
			showEnvVarsInLog = 0;
		};
		EDDFE5047A0462295FA7817A /* [CP] Embed Pods Frameworks */ = {
			isa = PBXShellScriptBuildPhase;
			buildActionMask = 2147483647;
			files = (
			);
			inputFileListPaths = (
				"${PODS_ROOT}/Target Support Files/Pods-GoReceitas/Pods-GoReceitas-frameworks-${CONFIGURATION}-input-files.xcfilelist",
			);
			name = "[CP] Embed Pods Frameworks";
			outputFileListPaths = (
				"${PODS_ROOT}/Target Support Files/Pods-GoReceitas/Pods-GoReceitas-frameworks-${CONFIGURATION}-output-files.xcfilelist",
			);
			runOnlyForDeploymentPostprocessing = 0;
			shellPath = /bin/sh;
			shellScript = "\"${PODS_ROOT}/Target Support Files/Pods-GoReceitas/Pods-GoReceitas-frameworks.sh\"\n";
			showEnvVarsInLog = 0;
		};
/* End PBXShellScriptBuildPhase section */

/* Begin PBXSourcesBuildPhase section */
		06459BAB28B01A060054F510 /* Sources */ = {
			isa = PBXSourcesBuildPhase;
			buildActionMask = 2147483647;
			files = (
				82A4040228DAA4F700F38990 /* TagsResultsTableViewCell.swift in Sources */,
				06459BB728B01A060054F510 /* HomeViewController.swift in Sources */,
				06AC22D32910AEA7008E4D0B /* FadedViewWithLabel.swift in Sources */,
				060DDF16291142F800D9A884 /* purpleHearthView.swift in Sources */,
				06459BBD28B01A060054F510 /* GoReceitas.xcdatamodeld in Sources */,
				82A4040428DAA57800F38990 /* TagsResultsViewController.swift in Sources */,
				82A403F928DA9DF400F38990 /* AllTagsModel.swift in Sources */,
				5CC71FA828FE25DD00FF75ED /* ChangeEmailViewController.swift in Sources */,
				82C9BE4828DA89BE00D890EF /* FooterViewCell.swift in Sources */,
				827E2AA92936925D009F3C43 /* CategoryTagsTableViewCellDelegate.swift in Sources */,
				82CC509F29098FB70032FC25 /* ResultsTableViewCell.swift in Sources */,
				06DB88FC29117724004489BC /* purpleFadedContainer.swift in Sources */,
				06DB88FE29119217004489BC /* PurpleInsideView.swift in Sources */,
				EB43689228FE1C9E0023A2F9 /* LoginVC.swift in Sources */,
				82C05CE82911DB3B00960D03 /* ForgetPasswordsDescriptions.swift in Sources */,
				EB43689728FE28D60023A2F9 /* EsqueceuSenhaVC.swift in Sources */,
				EBCBA2652910873B0073AE60 /* MainTabBarController.swift in Sources */,
				82FD41DA2925365B00C49B37 /* DescriptionTableViewCell.swift in Sources */,
				82FD41DE292542E800C49B37 /* DetailsTableViewCell.swift in Sources */,
				821BCA4129117A5400D9BDB3 /* NoFavoritesCollectionViewCell.swift in Sources */,
				EB43688C28FE15370023A2F9 /* RegisterVC.swift in Sources */,
				06DB88FA291170D0004489BC /* TimeView.swift in Sources */,
				5CC71FAA28FE26F200FF75ED /* ProfileViewController.swift in Sources */,
				5CC71FA628FE25D100FF75ED /* ChangePasswordViewController.swift in Sources */,
				06AC22CA2910A6E3008E4D0B /* FoodDetailsViewController.swift in Sources */,
				820FC383293550CE00247C6F /* CategoryTagsTableViewCell.swift in Sources */,
				820FC3882935525D00247C6F /* CategoryTagsCollectionViewCell.swift in Sources */,
				820FC37E29354BB200247C6F /* NewHomeViewController.swift in Sources */,
				82FD41D42925144D00C49B37 /* FoodCollectionViewCell.swift in Sources */,
				82C9BE4A28DA89D100D890EF /* CategoryViewCell.swift in Sources */,
				827E2AAC29369279009F3C43 /* DefaultCellsDelegate.swift in Sources */,
				8259F92D28DAB14900476299 /* Sections.swift in Sources */,
				06459BB328B01A060054F510 /* AppDelegate.swift in Sources */,
				82025B9D28EB8F890090376F /* SearchViewController.swift in Sources */,
				1F5585482902CB6100580185 /* FavoriteCollectionViewCell.swift in Sources */,
				82C9BE4E28DA8A0500D890EF /* HeaderViewCell.swift in Sources */,
				820FC3942935575400247C6F /* DefaultFoodCollectionViewCell.swift in Sources */,
				82C9BE4128DA883000D890EF /* CellsInfoSections.swift in Sources */,
				EB0892BB2902F18900FF33E8 /* AlertController.swift in Sources */,
				8279DC492904B71C00E526A8 /* Colors+.swift in Sources */,
				820FC38F293555FD00247C6F /* TryItOutTableViewCell.swift in Sources */,
				821BCA442911859100D9BDB3 /* LoginRegisterDescriptions.swift in Sources */,
				8259F93328DAB81C00476299 /* AllTagsViewController.swift in Sources */,
				82C9BE4028DA883000D890EF /* CategoryModel.swift in Sources */,
				1FAA32B528EDFED300AB6B9C /* FavoriteVC.swift in Sources */,
				82C9BE4528DA88ED00D890EF /* MockData.swift in Sources */,
				821BCA46291185BF00D9BDB3 /* RegisterDescriptions.swift in Sources */,
				06459BB528B01A060054F510 /* SceneDelegate.swift in Sources */,
				82C9BE5028DA8A3C00D890EF /* PopularViewCell.swift in Sources */,
				82C9BE4C28DA89DE00D890EF /* TryItOutCell.swift in Sources */,
				820FC39929355E0600247C6F /* PopularFoodsTableViewCell.swift in Sources */,
				1F55854B2902E7A100580185 /* FavoriteEmptyVC.swift in Sources */,
				82A403FD28DA9EB800F38990 /* AllTagsViewCell.swift in Sources */,
				06AC22CC2910A6F4008E4D0B /* FoodDetailsView.swift in Sources */,
				82FD41DC29253AD100C49B37 /* RecommendedFoodsTableViewCell.swift in Sources */,
			);
			runOnlyForDeploymentPostprocessing = 0;
		};
/* End PBXSourcesBuildPhase section */

/* Begin PBXVariantGroup section */
		06459BB828B01A060054F510 /* Main.storyboard */ = {
			isa = PBXVariantGroup;
			children = (
				06459BB928B01A060054F510 /* Base */,
			);
			name = Main.storyboard;
			sourceTree = "<group>";
		};
		06459BC028B01A080054F510 /* LaunchScreen.storyboard */ = {
			isa = PBXVariantGroup;
			children = (
				06459BC128B01A080054F510 /* Base */,
			);
			name = LaunchScreen.storyboard;
			sourceTree = "<group>";
		};
/* End PBXVariantGroup section */

/* Begin XCBuildConfiguration section */
		06459BC428B01A080054F510 /* Debug */ = {
			isa = XCBuildConfiguration;
			buildSettings = {
				ALWAYS_SEARCH_USER_PATHS = NO;
				CLANG_ANALYZER_NONNULL = YES;
				CLANG_ANALYZER_NUMBER_OBJECT_CONVERSION = YES_AGGRESSIVE;
				CLANG_CXX_LANGUAGE_STANDARD = "gnu++17";
				CLANG_ENABLE_MODULES = YES;
				CLANG_ENABLE_OBJC_ARC = YES;
				CLANG_ENABLE_OBJC_WEAK = YES;
				CLANG_WARN_BLOCK_CAPTURE_AUTORELEASING = YES;
				CLANG_WARN_BOOL_CONVERSION = YES;
				CLANG_WARN_COMMA = YES;
				CLANG_WARN_CONSTANT_CONVERSION = YES;
				CLANG_WARN_DEPRECATED_OBJC_IMPLEMENTATIONS = YES;
				CLANG_WARN_DIRECT_OBJC_ISA_USAGE = YES_ERROR;
				CLANG_WARN_DOCUMENTATION_COMMENTS = YES;
				CLANG_WARN_EMPTY_BODY = YES;
				CLANG_WARN_ENUM_CONVERSION = YES;
				CLANG_WARN_INFINITE_RECURSION = YES;
				CLANG_WARN_INT_CONVERSION = YES;
				CLANG_WARN_NON_LITERAL_NULL_CONVERSION = YES;
				CLANG_WARN_OBJC_IMPLICIT_RETAIN_SELF = YES;
				CLANG_WARN_OBJC_LITERAL_CONVERSION = YES;
				CLANG_WARN_OBJC_ROOT_CLASS = YES_ERROR;
				CLANG_WARN_QUOTED_INCLUDE_IN_FRAMEWORK_HEADER = YES;
				CLANG_WARN_RANGE_LOOP_ANALYSIS = YES;
				CLANG_WARN_STRICT_PROTOTYPES = YES;
				CLANG_WARN_SUSPICIOUS_MOVE = YES;
				CLANG_WARN_UNGUARDED_AVAILABILITY = YES_AGGRESSIVE;
				CLANG_WARN_UNREACHABLE_CODE = YES;
				CLANG_WARN__DUPLICATE_METHOD_MATCH = YES;
				COPY_PHASE_STRIP = NO;
				DEBUG_INFORMATION_FORMAT = dwarf;
				ENABLE_STRICT_OBJC_MSGSEND = YES;
				ENABLE_TESTABILITY = YES;
				GCC_C_LANGUAGE_STANDARD = gnu11;
				GCC_DYNAMIC_NO_PIC = NO;
				GCC_NO_COMMON_BLOCKS = YES;
				GCC_OPTIMIZATION_LEVEL = 0;
				GCC_PREPROCESSOR_DEFINITIONS = (
					"DEBUG=1",
					"$(inherited)",
				);
				GCC_WARN_64_TO_32_BIT_CONVERSION = YES;
				GCC_WARN_ABOUT_RETURN_TYPE = YES_ERROR;
				GCC_WARN_UNDECLARED_SELECTOR = YES;
				GCC_WARN_UNINITIALIZED_AUTOS = YES_AGGRESSIVE;
				GCC_WARN_UNUSED_FUNCTION = YES;
				GCC_WARN_UNUSED_VARIABLE = YES;
				IPHONEOS_DEPLOYMENT_TARGET = 15.5;
				MTL_ENABLE_DEBUG_INFO = INCLUDE_SOURCE;
				MTL_FAST_MATH = YES;
				ONLY_ACTIVE_ARCH = YES;
				SDKROOT = iphoneos;
				SWIFT_ACTIVE_COMPILATION_CONDITIONS = DEBUG;
				SWIFT_OPTIMIZATION_LEVEL = "-Onone";
			};
			name = Debug;
		};
		06459BC528B01A080054F510 /* Release */ = {
			isa = XCBuildConfiguration;
			buildSettings = {
				ALWAYS_SEARCH_USER_PATHS = NO;
				CLANG_ANALYZER_NONNULL = YES;
				CLANG_ANALYZER_NUMBER_OBJECT_CONVERSION = YES_AGGRESSIVE;
				CLANG_CXX_LANGUAGE_STANDARD = "gnu++17";
				CLANG_ENABLE_MODULES = YES;
				CLANG_ENABLE_OBJC_ARC = YES;
				CLANG_ENABLE_OBJC_WEAK = YES;
				CLANG_WARN_BLOCK_CAPTURE_AUTORELEASING = YES;
				CLANG_WARN_BOOL_CONVERSION = YES;
				CLANG_WARN_COMMA = YES;
				CLANG_WARN_CONSTANT_CONVERSION = YES;
				CLANG_WARN_DEPRECATED_OBJC_IMPLEMENTATIONS = YES;
				CLANG_WARN_DIRECT_OBJC_ISA_USAGE = YES_ERROR;
				CLANG_WARN_DOCUMENTATION_COMMENTS = YES;
				CLANG_WARN_EMPTY_BODY = YES;
				CLANG_WARN_ENUM_CONVERSION = YES;
				CLANG_WARN_INFINITE_RECURSION = YES;
				CLANG_WARN_INT_CONVERSION = YES;
				CLANG_WARN_NON_LITERAL_NULL_CONVERSION = YES;
				CLANG_WARN_OBJC_IMPLICIT_RETAIN_SELF = YES;
				CLANG_WARN_OBJC_LITERAL_CONVERSION = YES;
				CLANG_WARN_OBJC_ROOT_CLASS = YES_ERROR;
				CLANG_WARN_QUOTED_INCLUDE_IN_FRAMEWORK_HEADER = YES;
				CLANG_WARN_RANGE_LOOP_ANALYSIS = YES;
				CLANG_WARN_STRICT_PROTOTYPES = YES;
				CLANG_WARN_SUSPICIOUS_MOVE = YES;
				CLANG_WARN_UNGUARDED_AVAILABILITY = YES_AGGRESSIVE;
				CLANG_WARN_UNREACHABLE_CODE = YES;
				CLANG_WARN__DUPLICATE_METHOD_MATCH = YES;
				COPY_PHASE_STRIP = NO;
				DEBUG_INFORMATION_FORMAT = "dwarf-with-dsym";
				ENABLE_NS_ASSERTIONS = NO;
				ENABLE_STRICT_OBJC_MSGSEND = YES;
				GCC_C_LANGUAGE_STANDARD = gnu11;
				GCC_NO_COMMON_BLOCKS = YES;
				GCC_WARN_64_TO_32_BIT_CONVERSION = YES;
				GCC_WARN_ABOUT_RETURN_TYPE = YES_ERROR;
				GCC_WARN_UNDECLARED_SELECTOR = YES;
				GCC_WARN_UNINITIALIZED_AUTOS = YES_AGGRESSIVE;
				GCC_WARN_UNUSED_FUNCTION = YES;
				GCC_WARN_UNUSED_VARIABLE = YES;
				IPHONEOS_DEPLOYMENT_TARGET = 15.5;
				MTL_ENABLE_DEBUG_INFO = NO;
				MTL_FAST_MATH = YES;
				SDKROOT = iphoneos;
				SWIFT_COMPILATION_MODE = wholemodule;
				SWIFT_OPTIMIZATION_LEVEL = "-O";
				VALIDATE_PRODUCT = YES;
			};
			name = Release;
		};
		06459BC728B01A080054F510 /* Debug */ = {
			isa = XCBuildConfiguration;
			baseConfigurationReference = 34A460574BD0613D7D623752 /* Pods-GoReceitas.debug.xcconfig */;
			buildSettings = {
				ASSETCATALOG_COMPILER_APPICON_NAME = AppIcon;
				ASSETCATALOG_COMPILER_GLOBAL_ACCENT_COLOR_NAME = AccentColor;
				CODE_SIGN_STYLE = Automatic;
				CURRENT_PROJECT_VERSION = 1;
				DEVELOPMENT_TEAM = ZA8R8PH29T;
				GENERATE_INFOPLIST_FILE = YES;
				INFOPLIST_FILE = GoReceitas/Info.plist;
				INFOPLIST_KEY_UIApplicationSupportsIndirectInputEvents = YES;
				INFOPLIST_KEY_UILaunchStoryboardName = "";
				INFOPLIST_KEY_UIMainStoryboardFile = Main;
				INFOPLIST_KEY_UISupportedInterfaceOrientations_iPad = "UIInterfaceOrientationPortrait UIInterfaceOrientationPortraitUpsideDown UIInterfaceOrientationLandscapeLeft UIInterfaceOrientationLandscapeRight";
				INFOPLIST_KEY_UISupportedInterfaceOrientations_iPhone = "UIInterfaceOrientationPortrait UIInterfaceOrientationLandscapeLeft UIInterfaceOrientationLandscapeRight";
				LD_RUNPATH_SEARCH_PATHS = (
					"$(inherited)",
					"@executable_path/Frameworks",
				);
				MARKETING_VERSION = 1.0;
				PRODUCT_BUNDLE_IDENTIFIER = com.lucaspinto.GoReceitas;
				PRODUCT_NAME = "$(TARGET_NAME)";
				SWIFT_EMIT_LOC_STRINGS = YES;
				SWIFT_VERSION = 5.0;
				TARGETED_DEVICE_FAMILY = "1,2";
			};
			name = Debug;
		};
		06459BC828B01A080054F510 /* Release */ = {
			isa = XCBuildConfiguration;
			baseConfigurationReference = 25C79753A29B91777DE37111 /* Pods-GoReceitas.release.xcconfig */;
			buildSettings = {
				ASSETCATALOG_COMPILER_APPICON_NAME = AppIcon;
				ASSETCATALOG_COMPILER_GLOBAL_ACCENT_COLOR_NAME = AccentColor;
				CODE_SIGN_STYLE = Automatic;
				CURRENT_PROJECT_VERSION = 1;
				DEVELOPMENT_TEAM = ZA8R8PH29T;
				GENERATE_INFOPLIST_FILE = YES;
				INFOPLIST_FILE = GoReceitas/Info.plist;
				INFOPLIST_KEY_UIApplicationSupportsIndirectInputEvents = YES;
				INFOPLIST_KEY_UILaunchStoryboardName = "";
				INFOPLIST_KEY_UIMainStoryboardFile = Main;
				INFOPLIST_KEY_UISupportedInterfaceOrientations_iPad = "UIInterfaceOrientationPortrait UIInterfaceOrientationPortraitUpsideDown UIInterfaceOrientationLandscapeLeft UIInterfaceOrientationLandscapeRight";
				INFOPLIST_KEY_UISupportedInterfaceOrientations_iPhone = "UIInterfaceOrientationPortrait UIInterfaceOrientationLandscapeLeft UIInterfaceOrientationLandscapeRight";
				LD_RUNPATH_SEARCH_PATHS = (
					"$(inherited)",
					"@executable_path/Frameworks",
				);
				MARKETING_VERSION = 1.0;
				PRODUCT_BUNDLE_IDENTIFIER = com.lucaspinto.GoReceitas;
				PRODUCT_NAME = "$(TARGET_NAME)";
				SWIFT_EMIT_LOC_STRINGS = YES;
				SWIFT_VERSION = 5.0;
				TARGETED_DEVICE_FAMILY = "1,2";
			};
			name = Release;
		};
/* End XCBuildConfiguration section */

/* Begin XCConfigurationList section */
		06459BAA28B01A060054F510 /* Build configuration list for PBXProject "GoReceitas" */ = {
			isa = XCConfigurationList;
			buildConfigurations = (
				06459BC428B01A080054F510 /* Debug */,
				06459BC528B01A080054F510 /* Release */,
			);
			defaultConfigurationIsVisible = 0;
			defaultConfigurationName = Release;
		};
		06459BC628B01A080054F510 /* Build configuration list for PBXNativeTarget "GoReceitas" */ = {
			isa = XCConfigurationList;
			buildConfigurations = (
				06459BC728B01A080054F510 /* Debug */,
				06459BC828B01A080054F510 /* Release */,
			);
			defaultConfigurationIsVisible = 0;
			defaultConfigurationName = Release;
		};
/* End XCConfigurationList section */

/* Begin XCVersionGroup section */
		06459BBB28B01A060054F510 /* GoReceitas.xcdatamodeld */ = {
			isa = XCVersionGroup;
			children = (
				06459BBC28B01A060054F510 /* GoReceitas.xcdatamodel */,
			);
			currentVersion = 06459BBC28B01A060054F510 /* GoReceitas.xcdatamodel */;
			path = GoReceitas.xcdatamodeld;
			sourceTree = "<group>";
			versionGroupType = wrapper.xcdatamodel;
		};
/* End XCVersionGroup section */
	};
	rootObject = 06459BA728B01A060054F510 /* Project object */;
}
