// !$*UTF8*$!
{
	archiveVersion = 1;
	classes = {
	};
	objectVersion = 55;
	objects = {

/* Begin PBXBuildFile section */
		06459BB328B01A060054F510 /* AppDelegate.swift in Sources */ = {isa = PBXBuildFile; fileRef = 06459BB228B01A060054F510 /* AppDelegate.swift */; };
		06459BB528B01A060054F510 /* SceneDelegate.swift in Sources */ = {isa = PBXBuildFile; fileRef = 06459BB428B01A060054F510 /* SceneDelegate.swift */; };
		06459BB728B01A060054F510 /* HomeViewController.swift in Sources */ = {isa = PBXBuildFile; fileRef = 06459BB628B01A060054F510 /* HomeViewController.swift */; };
		06459BBA28B01A060054F510 /* Main.storyboard in Resources */ = {isa = PBXBuildFile; fileRef = 06459BB828B01A060054F510 /* Main.storyboard */; };
		06459BBD28B01A060054F510 /* GoReceitas.xcdatamodeld in Sources */ = {isa = PBXBuildFile; fileRef = 06459BBB28B01A060054F510 /* GoReceitas.xcdatamodeld */; };
		06459BBF28B01A080054F510 /* Assets.xcassets in Resources */ = {isa = PBXBuildFile; fileRef = 06459BBE28B01A080054F510 /* Assets.xcassets */; };
		06459BC228B01A080054F510 /* LaunchScreen.storyboard in Resources */ = {isa = PBXBuildFile; fileRef = 06459BC028B01A080054F510 /* LaunchScreen.storyboard */; };
		069F5DE028B4165F00C15177 /* TagCell.swift in Sources */ = {isa = PBXBuildFile; fileRef = 069F5DDE28B4165F00C15177 /* TagCell.swift */; };
		069F5DE128B4165F00C15177 /* TagCell.xib in Resources */ = {isa = PBXBuildFile; fileRef = 069F5DDF28B4165F00C15177 /* TagCell.xib */; };
		5CC71FA428FE242B00FF75ED /* Profile.storyboard in Resources */ = {isa = PBXBuildFile; fileRef = 5CC71FA328FE242B00FF75ED /* Profile.storyboard */; };
		5CC71FA628FE25D100FF75ED /* changePasswordViewController.swift in Sources */ = {isa = PBXBuildFile; fileRef = 5CC71FA528FE25D100FF75ED /* changePasswordViewController.swift */; };
		5CC71FA828FE25DD00FF75ED /* changeEmailViewController.swift in Sources */ = {isa = PBXBuildFile; fileRef = 5CC71FA728FE25DD00FF75ED /* changeEmailViewController.swift */; };
		5CC71FAA28FE26F200FF75ED /* ProfileViewController.swift in Sources */ = {isa = PBXBuildFile; fileRef = 5CC71FA928FE26F200FF75ED /* ProfileViewController.swift */; };
		82025B9D28EB8F890090376F /* SearchViewController.swift in Sources */ = {isa = PBXBuildFile; fileRef = 82025B9C28EB8F890090376F /* SearchViewController.swift */; };
		8259F92D28DAB14900476299 /* Sections.swift in Sources */ = {isa = PBXBuildFile; fileRef = 8259F92C28DAB14900476299 /* Sections.swift */; };
		8259F93328DAB81C00476299 /* AllTagsViewController.swift in Sources */ = {isa = PBXBuildFile; fileRef = 8259F93228DAB81C00476299 /* AllTagsViewController.swift */; };
		82A403F928DA9DF400F38990 /* AllTagsModel.swift in Sources */ = {isa = PBXBuildFile; fileRef = 82A403F828DA9DF400F38990 /* AllTagsModel.swift */; };
		82A403FD28DA9EB800F38990 /* AllTagsViewCell.swift in Sources */ = {isa = PBXBuildFile; fileRef = 82A403FC28DA9EB800F38990 /* AllTagsViewCell.swift */; };
		82A4040228DAA4F700F38990 /* TagsResultsTableViewCell.swift in Sources */ = {isa = PBXBuildFile; fileRef = 82A4040128DAA4F700F38990 /* TagsResultsTableViewCell.swift */; };
		82A4040428DAA57800F38990 /* TagsResultsViewController.swift in Sources */ = {isa = PBXBuildFile; fileRef = 82A4040328DAA57800F38990 /* TagsResultsViewController.swift */; };
		82C9BE3928DA85B800D890EF /* Extensions in Resources */ = {isa = PBXBuildFile; fileRef = 82C9BE3828DA85B800D890EF /* Extensions */; };
		82C9BE4028DA883000D890EF /* CategoryModel.swift in Sources */ = {isa = PBXBuildFile; fileRef = 82C9BE3E28DA883000D890EF /* CategoryModel.swift */; };
		82C9BE4128DA883000D890EF /* CellsInfoSections.swift in Sources */ = {isa = PBXBuildFile; fileRef = 82C9BE3F28DA883000D890EF /* CellsInfoSections.swift */; };
		82C9BE4528DA88ED00D890EF /* MockData.swift in Sources */ = {isa = PBXBuildFile; fileRef = 82C9BE4428DA88EC00D890EF /* MockData.swift */; };
		82C9BE4828DA89BE00D890EF /* FooterViewCell.swift in Sources */ = {isa = PBXBuildFile; fileRef = 82C9BE4728DA89BE00D890EF /* FooterViewCell.swift */; };
		82C9BE4A28DA89D100D890EF /* CategoryViewCell.swift in Sources */ = {isa = PBXBuildFile; fileRef = 82C9BE4928DA89D100D890EF /* CategoryViewCell.swift */; };
		82C9BE4C28DA89DE00D890EF /* TryItOutCell.swift in Sources */ = {isa = PBXBuildFile; fileRef = 82C9BE4B28DA89DE00D890EF /* TryItOutCell.swift */; };
		82C9BE4E28DA8A0500D890EF /* HeaderViewCell.swift in Sources */ = {isa = PBXBuildFile; fileRef = 82C9BE4D28DA8A0500D890EF /* HeaderViewCell.swift */; };
		82C9BE5028DA8A3C00D890EF /* PopularViewCell.swift in Sources */ = {isa = PBXBuildFile; fileRef = 82C9BE4F28DA8A3C00D890EF /* PopularViewCell.swift */; };
		83BA587B70FD88BB36FD8B78 /* Pods_GoReceitas.framework in Frameworks */ = {isa = PBXBuildFile; fileRef = DF9409CCC4CF059075F0E05E /* Pods_GoReceitas.framework */; };
		EB7E9FEC28BB145A00F8C91B /* Login.swift in Sources */ = {isa = PBXBuildFile; fileRef = EB7E9FEB28BB145A00F8C91B /* Login.swift */; };
		EB7E9FEF28BB173400F8C91B /* Cadastro.swift in Sources */ = {isa = PBXBuildFile; fileRef = EB7E9FEE28BB173400F8C91B /* Cadastro.swift */; };
		EB7E9FF228BBA73900F8C91B /* EsqueciSenha.swift in Sources */ = {isa = PBXBuildFile; fileRef = EB7E9FF128BBA73900F8C91B /* EsqueciSenha.swift */; };
/* End PBXBuildFile section */

/* Begin PBXFileReference section */
		06459BAF28B01A060054F510 /* GoReceitas.app */ = {isa = PBXFileReference; explicitFileType = wrapper.application; includeInIndex = 0; path = GoReceitas.app; sourceTree = BUILT_PRODUCTS_DIR; };
		06459BB228B01A060054F510 /* AppDelegate.swift */ = {isa = PBXFileReference; lastKnownFileType = sourcecode.swift; path = AppDelegate.swift; sourceTree = "<group>"; };
		06459BB428B01A060054F510 /* SceneDelegate.swift */ = {isa = PBXFileReference; lastKnownFileType = sourcecode.swift; path = SceneDelegate.swift; sourceTree = "<group>"; };
		06459BB628B01A060054F510 /* HomeViewController.swift */ = {isa = PBXFileReference; lastKnownFileType = sourcecode.swift; path = HomeViewController.swift; sourceTree = "<group>"; };
		06459BB928B01A060054F510 /* Base */ = {isa = PBXFileReference; lastKnownFileType = file.storyboard; name = Base; path = Base.lproj/Main.storyboard; sourceTree = "<group>"; };
		06459BBC28B01A060054F510 /* GoReceitas.xcdatamodel */ = {isa = PBXFileReference; lastKnownFileType = wrapper.xcdatamodel; path = GoReceitas.xcdatamodel; sourceTree = "<group>"; };
		06459BBE28B01A080054F510 /* Assets.xcassets */ = {isa = PBXFileReference; lastKnownFileType = folder.assetcatalog; path = Assets.xcassets; sourceTree = "<group>"; };
		06459BC128B01A080054F510 /* Base */ = {isa = PBXFileReference; lastKnownFileType = file.storyboard; name = Base; path = Base.lproj/LaunchScreen.storyboard; sourceTree = "<group>"; };
		06459BC328B01A080054F510 /* Info.plist */ = {isa = PBXFileReference; lastKnownFileType = text.plist.xml; path = Info.plist; sourceTree = "<group>"; };
		069F5DDE28B4165F00C15177 /* TagCell.swift */ = {isa = PBXFileReference; lastKnownFileType = sourcecode.swift; path = TagCell.swift; sourceTree = "<group>"; };
		069F5DDF28B4165F00C15177 /* TagCell.xib */ = {isa = PBXFileReference; lastKnownFileType = file.xib; path = TagCell.xib; sourceTree = "<group>"; };
		5CC71FA328FE242B00FF75ED /* Profile.storyboard */ = {isa = PBXFileReference; lastKnownFileType = file.storyboard; path = Profile.storyboard; sourceTree = "<group>"; };
		5CC71FA528FE25D100FF75ED /* changePasswordViewController.swift */ = {isa = PBXFileReference; fileEncoding = 4; lastKnownFileType = sourcecode.swift; path = changePasswordViewController.swift; sourceTree = "<group>"; };
		5CC71FA728FE25DD00FF75ED /* changeEmailViewController.swift */ = {isa = PBXFileReference; fileEncoding = 4; lastKnownFileType = sourcecode.swift; path = changeEmailViewController.swift; sourceTree = "<group>"; };
		5CC71FA928FE26F200FF75ED /* ProfileViewController.swift */ = {isa = PBXFileReference; fileEncoding = 4; lastKnownFileType = sourcecode.swift; path = ProfileViewController.swift; sourceTree = "<group>"; };
		7FBF1889A184E7E874085434 /* Pods-GoReceitas.release.xcconfig */ = {isa = PBXFileReference; includeInIndex = 1; lastKnownFileType = text.xcconfig; name = "Pods-GoReceitas.release.xcconfig"; path = "Target Support Files/Pods-GoReceitas/Pods-GoReceitas.release.xcconfig"; sourceTree = "<group>"; };
		82025B9C28EB8F890090376F /* SearchViewController.swift */ = {isa = PBXFileReference; lastKnownFileType = sourcecode.swift; path = SearchViewController.swift; sourceTree = "<group>"; };
		8259F92C28DAB14900476299 /* Sections.swift */ = {isa = PBXFileReference; lastKnownFileType = sourcecode.swift; path = Sections.swift; sourceTree = "<group>"; };
		8259F93228DAB81C00476299 /* AllTagsViewController.swift */ = {isa = PBXFileReference; lastKnownFileType = sourcecode.swift; path = AllTagsViewController.swift; sourceTree = "<group>"; };
		82A403F828DA9DF400F38990 /* AllTagsModel.swift */ = {isa = PBXFileReference; lastKnownFileType = sourcecode.swift; path = AllTagsModel.swift; sourceTree = "<group>"; };
		82A403FC28DA9EB800F38990 /* AllTagsViewCell.swift */ = {isa = PBXFileReference; lastKnownFileType = sourcecode.swift; path = AllTagsViewCell.swift; sourceTree = "<group>"; };
		82A4040128DAA4F700F38990 /* TagsResultsTableViewCell.swift */ = {isa = PBXFileReference; lastKnownFileType = sourcecode.swift; path = TagsResultsTableViewCell.swift; sourceTree = "<group>"; };
		82A4040328DAA57800F38990 /* TagsResultsViewController.swift */ = {isa = PBXFileReference; lastKnownFileType = sourcecode.swift; path = TagsResultsViewController.swift; sourceTree = "<group>"; };
		82C9BE3828DA85B800D890EF /* Extensions */ = {isa = PBXFileReference; lastKnownFileType = folder; path = Extensions; sourceTree = "<group>"; };
		82C9BE3E28DA883000D890EF /* CategoryModel.swift */ = {isa = PBXFileReference; fileEncoding = 4; lastKnownFileType = sourcecode.swift; path = CategoryModel.swift; sourceTree = "<group>"; };
		82C9BE3F28DA883000D890EF /* CellsInfoSections.swift */ = {isa = PBXFileReference; fileEncoding = 4; lastKnownFileType = sourcecode.swift; path = CellsInfoSections.swift; sourceTree = "<group>"; };
		82C9BE4428DA88EC00D890EF /* MockData.swift */ = {isa = PBXFileReference; lastKnownFileType = sourcecode.swift; path = MockData.swift; sourceTree = "<group>"; };
		82C9BE4728DA89BE00D890EF /* FooterViewCell.swift */ = {isa = PBXFileReference; lastKnownFileType = sourcecode.swift; path = FooterViewCell.swift; sourceTree = "<group>"; };
		82C9BE4928DA89D100D890EF /* CategoryViewCell.swift */ = {isa = PBXFileReference; lastKnownFileType = sourcecode.swift; path = CategoryViewCell.swift; sourceTree = "<group>"; };
		82C9BE4B28DA89DE00D890EF /* TryItOutCell.swift */ = {isa = PBXFileReference; lastKnownFileType = sourcecode.swift; path = TryItOutCell.swift; sourceTree = "<group>"; };
		82C9BE4D28DA8A0500D890EF /* HeaderViewCell.swift */ = {isa = PBXFileReference; lastKnownFileType = sourcecode.swift; path = HeaderViewCell.swift; sourceTree = "<group>"; };
		82C9BE4F28DA8A3C00D890EF /* PopularViewCell.swift */ = {isa = PBXFileReference; lastKnownFileType = sourcecode.swift; path = PopularViewCell.swift; sourceTree = "<group>"; };
		B28F77A924ABA42FFBE3984B /* Pods-GoReceitas.debug.xcconfig */ = {isa = PBXFileReference; includeInIndex = 1; lastKnownFileType = text.xcconfig; name = "Pods-GoReceitas.debug.xcconfig"; path = "Target Support Files/Pods-GoReceitas/Pods-GoReceitas.debug.xcconfig"; sourceTree = "<group>"; };
		DF9409CCC4CF059075F0E05E /* Pods_GoReceitas.framework */ = {isa = PBXFileReference; explicitFileType = wrapper.framework; includeInIndex = 0; path = Pods_GoReceitas.framework; sourceTree = BUILT_PRODUCTS_DIR; };
		EB7E9FEB28BB145A00F8C91B /* Login.swift */ = {isa = PBXFileReference; lastKnownFileType = sourcecode.swift; path = Login.swift; sourceTree = "<group>"; };
		EB7E9FEE28BB173400F8C91B /* Cadastro.swift */ = {isa = PBXFileReference; lastKnownFileType = sourcecode.swift; path = Cadastro.swift; sourceTree = "<group>"; };
		EB7E9FF128BBA73900F8C91B /* EsqueciSenha.swift */ = {isa = PBXFileReference; lastKnownFileType = sourcecode.swift; path = EsqueciSenha.swift; sourceTree = "<group>"; };
/* End PBXFileReference section */

/* Begin PBXFrameworksBuildPhase section */
		06459BAC28B01A060054F510 /* Frameworks */ = {
			isa = PBXFrameworksBuildPhase;
			buildActionMask = 2147483647;
			files = (
				83BA587B70FD88BB36FD8B78 /* Pods_GoReceitas.framework in Frameworks */,
			);
			runOnlyForDeploymentPostprocessing = 0;
		};
/* End PBXFrameworksBuildPhase section */

/* Begin PBXGroup section */
		06459BA628B01A060054F510 = {
			isa = PBXGroup;
			children = (
				06459BB128B01A060054F510 /* GoReceitas */,
				06459BB028B01A060054F510 /* Products */,
				7527BED10A1A1D9BA7DAE570 /* Pods */,
				E26041B4B912C37D0E9E4F9E /* Frameworks */,
			);
			sourceTree = "<group>";
		};
		06459BB028B01A060054F510 /* Products */ = {
			isa = PBXGroup;
			children = (
				06459BAF28B01A060054F510 /* GoReceitas.app */,
			);
			name = Products;
			sourceTree = "<group>";
		};
		06459BB128B01A060054F510 /* GoReceitas */ = {
			isa = PBXGroup;
			children = (
				8259F92B28DAB12400476299 /* Enums */,
				06C01C7E28B42138003ACE17 /* Cell */,
				82C9BE4628DA89B000D890EF /* CollectionViewCells */,
				82C9BE3828DA85B800D890EF /* Extensions */,
				EB7E9FF028BBA6FC00F8C91B /* Forget Password */,
				06459BBB28B01A060054F510 /* GoReceitas.xcdatamodeld */,
				06459BC328B01A080054F510 /* Info.plist */,
				EB7E9FEA28BB144700F8C91B /* Login */,
				826281A128DA929F0065AA29 /* MockData */,
				06C01C8028B42167003ACE17 /* Model */,
				EB7E9FED28BB171500F8C91B /* Register */,
				82A4040528DAA8A700F38990 /* Resources */,
				82A403FF28DAA4D500F38990 /* TableViewCells */,
				82A4040628DAA8CF00F38990 /* View */,
				06C01C7F28B4214C003ACE17 /* ViewController */,
			);
			path = GoReceitas;
			sourceTree = "<group>";
		};
		06C01C7E28B42138003ACE17 /* Cell */ = {
			isa = PBXGroup;
			children = (
				069F5DDF28B4165F00C15177 /* TagCell.xib */,
				069F5DDE28B4165F00C15177 /* TagCell.swift */,
			);
			path = Cell;
			sourceTree = "<group>";
		};
		06C01C7F28B4214C003ACE17 /* ViewController */ = {
			isa = PBXGroup;
			children = (
				06459BB628B01A060054F510 /* HomeViewController.swift */,
				82A4040328DAA57800F38990 /* TagsResultsViewController.swift */,
				8259F93228DAB81C00476299 /* AllTagsViewController.swift */,
				82025B9C28EB8F890090376F /* SearchViewController.swift */,
				5CC71FA528FE25D100FF75ED /* changePasswordViewController.swift */,
				5CC71FA728FE25DD00FF75ED /* changeEmailViewController.swift */,
				5CC71FA928FE26F200FF75ED /* ProfileViewController.swift */,
			);
			path = ViewController;
			sourceTree = "<group>";
		};
		06C01C8028B42167003ACE17 /* Model */ = {
			isa = PBXGroup;
			children = (
				82C9BE3E28DA883000D890EF /* CategoryModel.swift */,
				82C9BE3F28DA883000D890EF /* CellsInfoSections.swift */,
				82A403F828DA9DF400F38990 /* AllTagsModel.swift */,
			);
			path = Model;
			sourceTree = "<group>";
		};
		7527BED10A1A1D9BA7DAE570 /* Pods */ = {
			isa = PBXGroup;
			children = (
				B28F77A924ABA42FFBE3984B /* Pods-GoReceitas.debug.xcconfig */,
				7FBF1889A184E7E874085434 /* Pods-GoReceitas.release.xcconfig */,
			);
			name = Pods;
			path = Pods;
			sourceTree = "<group>";
		};
		8259F92B28DAB12400476299 /* Enums */ = {
			isa = PBXGroup;
			children = (
				8259F92C28DAB14900476299 /* Sections.swift */,
			);
			path = Enums;
			sourceTree = "<group>";
		};
		826281A128DA929F0065AA29 /* MockData */ = {
			isa = PBXGroup;
			children = (
				82C9BE4428DA88EC00D890EF /* MockData.swift */,
			);
			path = MockData;
			sourceTree = "<group>";
		};
		82A403FA28DA9E9500F38990 /* All Tags */ = {
			isa = PBXGroup;
			children = (
				82A403FC28DA9EB800F38990 /* AllTagsViewCell.swift */,
			);
			path = "All Tags";
			sourceTree = "<group>";
		};
		82A403FB28DA9E9800F38990 /* Home */ = {
			isa = PBXGroup;
			children = (
				82C9BE4928DA89D100D890EF /* CategoryViewCell.swift */,
				82C9BE4728DA89BE00D890EF /* FooterViewCell.swift */,
				82C9BE4D28DA8A0500D890EF /* HeaderViewCell.swift */,
				82C9BE4B28DA89DE00D890EF /* TryItOutCell.swift */,
				82C9BE4F28DA8A3C00D890EF /* PopularViewCell.swift */,
			);
			path = Home;
			sourceTree = "<group>";
		};
		82A403FF28DAA4D500F38990 /* TableViewCells */ = {
			isa = PBXGroup;
			children = (
				82A4040028DAA4DE00F38990 /* Tags Results */,
			);
			path = TableViewCells;
			sourceTree = "<group>";
		};
		82A4040028DAA4DE00F38990 /* Tags Results */ = {
			isa = PBXGroup;
			children = (
				82A4040128DAA4F700F38990 /* TagsResultsTableViewCell.swift */,
			);
			path = "Tags Results";
			sourceTree = "<group>";
		};
		82A4040528DAA8A700F38990 /* Resources */ = {
			isa = PBXGroup;
			children = (
				06459BB228B01A060054F510 /* AppDelegate.swift */,
				06459BBE28B01A080054F510 /* Assets.xcassets */,
				06459BB428B01A060054F510 /* SceneDelegate.swift */,
			);
			path = Resources;
			sourceTree = "<group>";
		};
		82A4040628DAA8CF00F38990 /* View */ = {
			isa = PBXGroup;
			children = (
				06459BB828B01A060054F510 /* Main.storyboard */,
				06459BC028B01A080054F510 /* LaunchScreen.storyboard */,
				5CC71FA328FE242B00FF75ED /* Profile.storyboard */,
			);
			path = View;
			sourceTree = "<group>";
		};
		82C9BE4628DA89B000D890EF /* CollectionViewCells */ = {
			isa = PBXGroup;
			children = (
				82A403FB28DA9E9800F38990 /* Home */,
				82A403FA28DA9E9500F38990 /* All Tags */,
			);
			path = CollectionViewCells;
			sourceTree = "<group>";
		};
		E26041B4B912C37D0E9E4F9E /* Frameworks */ = {
			isa = PBXGroup;
			children = (
				DF9409CCC4CF059075F0E05E /* Pods_GoReceitas.framework */,
			);
			name = Frameworks;
			sourceTree = "<group>";
		};
		EB7E9FEA28BB144700F8C91B /* Login */ = {
			isa = PBXGroup;
			children = (
				EB7E9FEB28BB145A00F8C91B /* Login.swift */,
			);
			path = Login;
			sourceTree = "<group>";
		};
		EB7E9FED28BB171500F8C91B /* Register */ = {
			isa = PBXGroup;
			children = (
				EB7E9FEE28BB173400F8C91B /* Cadastro.swift */,
			);
			path = Register;
			sourceTree = "<group>";
		};
		EB7E9FF028BBA6FC00F8C91B /* Forget Password */ = {
			isa = PBXGroup;
			children = (
				EB7E9FF128BBA73900F8C91B /* EsqueciSenha.swift */,
			);
			path = "Forget Password";
			sourceTree = "<group>";
		};
/* End PBXGroup section */

/* Begin PBXNativeTarget section */
		06459BAE28B01A060054F510 /* GoReceitas */ = {
			isa = PBXNativeTarget;
			buildConfigurationList = 06459BC628B01A080054F510 /* Build configuration list for PBXNativeTarget "GoReceitas" */;
			buildPhases = (
				ECFC3274AFAA0AC56D324D0B /* [CP] Check Pods Manifest.lock */,
				06459BAB28B01A060054F510 /* Sources */,
				06459BAC28B01A060054F510 /* Frameworks */,
				06459BAD28B01A060054F510 /* Resources */,
			);
			buildRules = (
			);
			dependencies = (
			);
			name = GoReceitas;
			productName = GoReceitas;
			productReference = 06459BAF28B01A060054F510 /* GoReceitas.app */;
			productType = "com.apple.product-type.application";
		};
/* End PBXNativeTarget section */

/* Begin PBXProject section */
		06459BA728B01A060054F510 /* Project object */ = {
			isa = PBXProject;
			attributes = {
				BuildIndependentTargetsInParallel = 1;
				LastSwiftUpdateCheck = 1340;
				LastUpgradeCheck = 1340;
				TargetAttributes = {
					06459BAE28B01A060054F510 = {
						CreatedOnToolsVersion = 13.4.1;
					};
				};
			};
			buildConfigurationList = 06459BAA28B01A060054F510 /* Build configuration list for PBXProject "GoReceitas" */;
			compatibilityVersion = "Xcode 13.0";
			developmentRegion = en;
			hasScannedForEncodings = 0;
			knownRegions = (
				en,
				Base,
			);
			mainGroup = 06459BA628B01A060054F510;
			productRefGroup = 06459BB028B01A060054F510 /* Products */;
			projectDirPath = "";
			projectRoot = "";
			targets = (
				06459BAE28B01A060054F510 /* GoReceitas */,
			);
		};
/* End PBXProject section */

/* Begin PBXResourcesBuildPhase section */
		06459BAD28B01A060054F510 /* Resources */ = {
			isa = PBXResourcesBuildPhase;
			buildActionMask = 2147483647;
			files = (
				5CC71FA428FE242B00FF75ED /* Profile.storyboard in Resources */,
				82C9BE3928DA85B800D890EF /* Extensions in Resources */,
				069F5DE128B4165F00C15177 /* TagCell.xib in Resources */,
				06459BC228B01A080054F510 /* LaunchScreen.storyboard in Resources */,
				06459BBF28B01A080054F510 /* Assets.xcassets in Resources */,
				06459BBA28B01A060054F510 /* Main.storyboard in Resources */,
			);
			runOnlyForDeploymentPostprocessing = 0;
		};
/* End PBXResourcesBuildPhase section */

/* Begin PBXShellScriptBuildPhase section */
		ECFC3274AFAA0AC56D324D0B /* [CP] Check Pods Manifest.lock */ = {
			isa = PBXShellScriptBuildPhase;
			buildActionMask = 2147483647;
			files = (
			);
			inputFileListPaths = (
			);
			inputPaths = (
				"${PODS_PODFILE_DIR_PATH}/Podfile.lock",
				"${PODS_ROOT}/Manifest.lock",
			);
			name = "[CP] Check Pods Manifest.lock";
			outputFileListPaths = (
			);
			outputPaths = (
				"$(DERIVED_FILE_DIR)/Pods-GoReceitas-checkManifestLockResult.txt",
			);
			runOnlyForDeploymentPostprocessing = 0;
			shellPath = /bin/sh;
			shellScript = "diff \"${PODS_PODFILE_DIR_PATH}/Podfile.lock\" \"${PODS_ROOT}/Manifest.lock\" > /dev/null\nif [ $? != 0 ] ; then\n    # print error to STDERR\n    echo \"error: The sandbox is not in sync with the Podfile.lock. Run 'pod install' or update your CocoaPods installation.\" >&2\n    exit 1\nfi\n# This output is used by Xcode 'outputs' to avoid re-running this script phase.\necho \"SUCCESS\" > \"${SCRIPT_OUTPUT_FILE_0}\"\n";
			showEnvVarsInLog = 0;
		};
/* End PBXShellScriptBuildPhase section */

/* Begin PBXSourcesBuildPhase section */
		06459BAB28B01A060054F510 /* Sources */ = {
			isa = PBXSourcesBuildPhase;
			buildActionMask = 2147483647;
			files = (
				EB7E9FEF28BB173400F8C91B /* Cadastro.swift in Sources */,
				82A4040228DAA4F700F38990 /* TagsResultsTableViewCell.swift in Sources */,
				06459BB728B01A060054F510 /* HomeViewController.swift in Sources */,
				06459BBD28B01A060054F510 /* GoReceitas.xcdatamodeld in Sources */,
				EB7E9FF228BBA73900F8C91B /* EsqueciSenha.swift in Sources */,
				82A4040428DAA57800F38990 /* TagsResultsViewController.swift in Sources */,
				82A403F928DA9DF400F38990 /* AllTagsModel.swift in Sources */,
				069F5DE028B4165F00C15177 /* TagCell.swift in Sources */,
				5CC71FA828FE25DD00FF75ED /* changeEmailViewController.swift in Sources */,
				82C9BE4828DA89BE00D890EF /* FooterViewCell.swift in Sources */,
				5CC71FAA28FE26F200FF75ED /* ProfileViewController.swift in Sources */,
				5CC71FA628FE25D100FF75ED /* changePasswordViewController.swift in Sources */,
				82C9BE4A28DA89D100D890EF /* CategoryViewCell.swift in Sources */,
				8259F92D28DAB14900476299 /* Sections.swift in Sources */,
				EB7E9FEC28BB145A00F8C91B /* Login.swift in Sources */,
				06459BB328B01A060054F510 /* AppDelegate.swift in Sources */,
				82025B9D28EB8F890090376F /* SearchViewController.swift in Sources */,
				82C9BE4E28DA8A0500D890EF /* HeaderViewCell.swift in Sources */,
				82C9BE4128DA883000D890EF /* CellsInfoSections.swift in Sources */,
				8259F93328DAB81C00476299 /* AllTagsViewController.swift in Sources */,
				82C9BE4028DA883000D890EF /* CategoryModel.swift in Sources */,
				82C9BE4528DA88ED00D890EF /* MockData.swift in Sources */,
				06459BB528B01A060054F510 /* SceneDelegate.swift in Sources */,
				82C9BE5028DA8A3C00D890EF /* PopularViewCell.swift in Sources */,
				82C9BE4C28DA89DE00D890EF /* TryItOutCell.swift in Sources */,
				82A403FD28DA9EB800F38990 /* AllTagsViewCell.swift in Sources */,
			);
			runOnlyForDeploymentPostprocessing = 0;
		};
/* End PBXSourcesBuildPhase section */

/* Begin PBXVariantGroup section */
		06459BB828B01A060054F510 /* Main.storyboard */ = {
			isa = PBXVariantGroup;
			children = (
				06459BB928B01A060054F510 /* Base */,
			);
			name = Main.storyboard;
			sourceTree = "<group>";
		};
		06459BC028B01A080054F510 /* LaunchScreen.storyboard */ = {
			isa = PBXVariantGroup;
			children = (
				06459BC128B01A080054F510 /* Base */,
			);
			name = LaunchScreen.storyboard;
			sourceTree = "<group>";
		};
/* End PBXVariantGroup section */

/* Begin XCBuildConfiguration section */
		06459BC428B01A080054F510 /* Debug */ = {
			isa = XCBuildConfiguration;
			buildSettings = {
				ALWAYS_SEARCH_USER_PATHS = NO;
				CLANG_ANALYZER_NONNULL = YES;
				CLANG_ANALYZER_NUMBER_OBJECT_CONVERSION = YES_AGGRESSIVE;
				CLANG_CXX_LANGUAGE_STANDARD = "gnu++17";
				CLANG_ENABLE_MODULES = YES;
				CLANG_ENABLE_OBJC_ARC = YES;
				CLANG_ENABLE_OBJC_WEAK = YES;
				CLANG_WARN_BLOCK_CAPTURE_AUTORELEASING = YES;
				CLANG_WARN_BOOL_CONVERSION = YES;
				CLANG_WARN_COMMA = YES;
				CLANG_WARN_CONSTANT_CONVERSION = YES;
				CLANG_WARN_DEPRECATED_OBJC_IMPLEMENTATIONS = YES;
				CLANG_WARN_DIRECT_OBJC_ISA_USAGE = YES_ERROR;
				CLANG_WARN_DOCUMENTATION_COMMENTS = YES;
				CLANG_WARN_EMPTY_BODY = YES;
				CLANG_WARN_ENUM_CONVERSION = YES;
				CLANG_WARN_INFINITE_RECURSION = YES;
				CLANG_WARN_INT_CONVERSION = YES;
				CLANG_WARN_NON_LITERAL_NULL_CONVERSION = YES;
				CLANG_WARN_OBJC_IMPLICIT_RETAIN_SELF = YES;
				CLANG_WARN_OBJC_LITERAL_CONVERSION = YES;
				CLANG_WARN_OBJC_ROOT_CLASS = YES_ERROR;
				CLANG_WARN_QUOTED_INCLUDE_IN_FRAMEWORK_HEADER = YES;
				CLANG_WARN_RANGE_LOOP_ANALYSIS = YES;
				CLANG_WARN_STRICT_PROTOTYPES = YES;
				CLANG_WARN_SUSPICIOUS_MOVE = YES;
				CLANG_WARN_UNGUARDED_AVAILABILITY = YES_AGGRESSIVE;
				CLANG_WARN_UNREACHABLE_CODE = YES;
				CLANG_WARN__DUPLICATE_METHOD_MATCH = YES;
				COPY_PHASE_STRIP = NO;
				DEBUG_INFORMATION_FORMAT = dwarf;
				ENABLE_STRICT_OBJC_MSGSEND = YES;
				ENABLE_TESTABILITY = YES;
				GCC_C_LANGUAGE_STANDARD = gnu11;
				GCC_DYNAMIC_NO_PIC = NO;
				GCC_NO_COMMON_BLOCKS = YES;
				GCC_OPTIMIZATION_LEVEL = 0;
				GCC_PREPROCESSOR_DEFINITIONS = (
					"DEBUG=1",
					"$(inherited)",
				);
				GCC_WARN_64_TO_32_BIT_CONVERSION = YES;
				GCC_WARN_ABOUT_RETURN_TYPE = YES_ERROR;
				GCC_WARN_UNDECLARED_SELECTOR = YES;
				GCC_WARN_UNINITIALIZED_AUTOS = YES_AGGRESSIVE;
				GCC_WARN_UNUSED_FUNCTION = YES;
				GCC_WARN_UNUSED_VARIABLE = YES;
				IPHONEOS_DEPLOYMENT_TARGET = 15.5;
				MTL_ENABLE_DEBUG_INFO = INCLUDE_SOURCE;
				MTL_FAST_MATH = YES;
				ONLY_ACTIVE_ARCH = YES;
				SDKROOT = iphoneos;
				SWIFT_ACTIVE_COMPILATION_CONDITIONS = DEBUG;
				SWIFT_OPTIMIZATION_LEVEL = "-Onone";
			};
			name = Debug;
		};
		06459BC528B01A080054F510 /* Release */ = {
			isa = XCBuildConfiguration;
			buildSettings = {
				ALWAYS_SEARCH_USER_PATHS = NO;
				CLANG_ANALYZER_NONNULL = YES;
				CLANG_ANALYZER_NUMBER_OBJECT_CONVERSION = YES_AGGRESSIVE;
				CLANG_CXX_LANGUAGE_STANDARD = "gnu++17";
				CLANG_ENABLE_MODULES = YES;
				CLANG_ENABLE_OBJC_ARC = YES;
				CLANG_ENABLE_OBJC_WEAK = YES;
				CLANG_WARN_BLOCK_CAPTURE_AUTORELEASING = YES;
				CLANG_WARN_BOOL_CONVERSION = YES;
				CLANG_WARN_COMMA = YES;
				CLANG_WARN_CONSTANT_CONVERSION = YES;
				CLANG_WARN_DEPRECATED_OBJC_IMPLEMENTATIONS = YES;
				CLANG_WARN_DIRECT_OBJC_ISA_USAGE = YES_ERROR;
				CLANG_WARN_DOCUMENTATION_COMMENTS = YES;
				CLANG_WARN_EMPTY_BODY = YES;
				CLANG_WARN_ENUM_CONVERSION = YES;
				CLANG_WARN_INFINITE_RECURSION = YES;
				CLANG_WARN_INT_CONVERSION = YES;
				CLANG_WARN_NON_LITERAL_NULL_CONVERSION = YES;
				CLANG_WARN_OBJC_IMPLICIT_RETAIN_SELF = YES;
				CLANG_WARN_OBJC_LITERAL_CONVERSION = YES;
				CLANG_WARN_OBJC_ROOT_CLASS = YES_ERROR;
				CLANG_WARN_QUOTED_INCLUDE_IN_FRAMEWORK_HEADER = YES;
				CLANG_WARN_RANGE_LOOP_ANALYSIS = YES;
				CLANG_WARN_STRICT_PROTOTYPES = YES;
				CLANG_WARN_SUSPICIOUS_MOVE = YES;
				CLANG_WARN_UNGUARDED_AVAILABILITY = YES_AGGRESSIVE;
				CLANG_WARN_UNREACHABLE_CODE = YES;
				CLANG_WARN__DUPLICATE_METHOD_MATCH = YES;
				COPY_PHASE_STRIP = NO;
				DEBUG_INFORMATION_FORMAT = "dwarf-with-dsym";
				ENABLE_NS_ASSERTIONS = NO;
				ENABLE_STRICT_OBJC_MSGSEND = YES;
				GCC_C_LANGUAGE_STANDARD = gnu11;
				GCC_NO_COMMON_BLOCKS = YES;
				GCC_WARN_64_TO_32_BIT_CONVERSION = YES;
				GCC_WARN_ABOUT_RETURN_TYPE = YES_ERROR;
				GCC_WARN_UNDECLARED_SELECTOR = YES;
				GCC_WARN_UNINITIALIZED_AUTOS = YES_AGGRESSIVE;
				GCC_WARN_UNUSED_FUNCTION = YES;
				GCC_WARN_UNUSED_VARIABLE = YES;
				IPHONEOS_DEPLOYMENT_TARGET = 15.5;
				MTL_ENABLE_DEBUG_INFO = NO;
				MTL_FAST_MATH = YES;
				SDKROOT = iphoneos;
				SWIFT_COMPILATION_MODE = wholemodule;
				SWIFT_OPTIMIZATION_LEVEL = "-O";
				VALIDATE_PRODUCT = YES;
			};
			name = Release;
		};
		06459BC728B01A080054F510 /* Debug */ = {
			isa = XCBuildConfiguration;
			baseConfigurationReference = B28F77A924ABA42FFBE3984B /* Pods-GoReceitas.debug.xcconfig */;
			buildSettings = {
				ASSETCATALOG_COMPILER_APPICON_NAME = AppIcon;
				ASSETCATALOG_COMPILER_GLOBAL_ACCENT_COLOR_NAME = AccentColor;
				CODE_SIGN_STYLE = Automatic;
				CURRENT_PROJECT_VERSION = 1;
				DEVELOPMENT_TEAM = SAVTXQ62KA;
				GENERATE_INFOPLIST_FILE = YES;
				INFOPLIST_FILE = GoReceitas/Info.plist;
				INFOPLIST_KEY_UIApplicationSupportsIndirectInputEvents = YES;
				INFOPLIST_KEY_UILaunchStoryboardName = LaunchScreen;
				INFOPLIST_KEY_UIMainStoryboardFile = Main;
				INFOPLIST_KEY_UISupportedInterfaceOrientations_iPad = "UIInterfaceOrientationPortrait UIInterfaceOrientationPortraitUpsideDown UIInterfaceOrientationLandscapeLeft UIInterfaceOrientationLandscapeRight";
				INFOPLIST_KEY_UISupportedInterfaceOrientations_iPhone = "UIInterfaceOrientationPortrait UIInterfaceOrientationLandscapeLeft UIInterfaceOrientationLandscapeRight";
				LD_RUNPATH_SEARCH_PATHS = (
					"$(inherited)",
					"@executable_path/Frameworks",
				);
				MARKETING_VERSION = 1.0;
				PRODUCT_BUNDLE_IDENTIFIER = com.lucaspinto.GoReceitas;
				PRODUCT_NAME = "$(TARGET_NAME)";
				SWIFT_EMIT_LOC_STRINGS = YES;
				SWIFT_VERSION = 5.0;
				TARGETED_DEVICE_FAMILY = "1,2";
			};
			name = Debug;
		};
		06459BC828B01A080054F510 /* Release */ = {
			isa = XCBuildConfiguration;
			baseConfigurationReference = 7FBF1889A184E7E874085434 /* Pods-GoReceitas.release.xcconfig */;
			buildSettings = {
				ASSETCATALOG_COMPILER_APPICON_NAME = AppIcon;
				ASSETCATALOG_COMPILER_GLOBAL_ACCENT_COLOR_NAME = AccentColor;
				CODE_SIGN_STYLE = Automatic;
				CURRENT_PROJECT_VERSION = 1;
				DEVELOPMENT_TEAM = SAVTXQ62KA;
				GENERATE_INFOPLIST_FILE = YES;
				INFOPLIST_FILE = GoReceitas/Info.plist;
				INFOPLIST_KEY_UIApplicationSupportsIndirectInputEvents = YES;
				INFOPLIST_KEY_UILaunchStoryboardName = LaunchScreen;
				INFOPLIST_KEY_UIMainStoryboardFile = Main;
				INFOPLIST_KEY_UISupportedInterfaceOrientations_iPad = "UIInterfaceOrientationPortrait UIInterfaceOrientationPortraitUpsideDown UIInterfaceOrientationLandscapeLeft UIInterfaceOrientationLandscapeRight";
				INFOPLIST_KEY_UISupportedInterfaceOrientations_iPhone = "UIInterfaceOrientationPortrait UIInterfaceOrientationLandscapeLeft UIInterfaceOrientationLandscapeRight";
				LD_RUNPATH_SEARCH_PATHS = (
					"$(inherited)",
					"@executable_path/Frameworks",
				);
				MARKETING_VERSION = 1.0;
				PRODUCT_BUNDLE_IDENTIFIER = com.lucaspinto.GoReceitas;
				PRODUCT_NAME = "$(TARGET_NAME)";
				SWIFT_EMIT_LOC_STRINGS = YES;
				SWIFT_VERSION = 5.0;
				TARGETED_DEVICE_FAMILY = "1,2";
			};
			name = Release;
		};
/* End XCBuildConfiguration section */

/* Begin XCConfigurationList section */
		06459BAA28B01A060054F510 /* Build configuration list for PBXProject "GoReceitas" */ = {
			isa = XCConfigurationList;
			buildConfigurations = (
				06459BC428B01A080054F510 /* Debug */,
				06459BC528B01A080054F510 /* Release */,
			);
			defaultConfigurationIsVisible = 0;
			defaultConfigurationName = Release;
		};
		06459BC628B01A080054F510 /* Build configuration list for PBXNativeTarget "GoReceitas" */ = {
			isa = XCConfigurationList;
			buildConfigurations = (
				06459BC728B01A080054F510 /* Debug */,
				06459BC828B01A080054F510 /* Release */,
			);
			defaultConfigurationIsVisible = 0;
			defaultConfigurationName = Release;
		};
/* End XCConfigurationList section */

/* Begin XCVersionGroup section */
		06459BBB28B01A060054F510 /* GoReceitas.xcdatamodeld */ = {
			isa = XCVersionGroup;
			children = (
				06459BBC28B01A060054F510 /* GoReceitas.xcdatamodel */,
			);
			currentVersion = 06459BBC28B01A060054F510 /* GoReceitas.xcdatamodel */;
			path = GoReceitas.xcdatamodeld;
			sourceTree = "<group>";
			versionGroupType = wrapper.xcdatamodel;
		};
/* End XCVersionGroup section */
	};
	rootObject = 06459BA728B01A060054F510 /* Project object */;
}
